<!--
 Copyright (c) 2011-2022 Google LLC.
 Copyright (c) 2021-2022 Skia4Delphi Project.

 Use of this source code is governed by a BSD-style license that can be
 found in the LICENSE file.
-->
<Project xmlns="http://schemas.microsoft.com/developer/msbuild/2003">
    <PropertyGroup>
        <Base>True</Base>
        <AppType>Package</AppType>
        <Config Condition="'$(Config)'==''">Debug</Config>
        <FrameworkType>VCL</FrameworkType>
        <MainSource>Skia.Package.VCL.Designtime.dpk</MainSource>
        <Platform Condition="'$(Platform)'==''">Win32</Platform>
        <ProjectGuid>{8618FD01-0992-4F57-AF14-AE7D27972440}</ProjectGuid>
        <ProjectVersion>16.1</ProjectVersion>
        <TargetedPlatforms>1</TargetedPlatforms>
    </PropertyGroup>
    <PropertyGroup Condition="'$(Config)'=='Base' or '$(Base)'!=''">
        <Base>true</Base>
    </PropertyGroup>
    <PropertyGroup Condition="('$(Platform)'=='Win32' and '$(Base)'=='true') or '$(Base_Win32)'!=''">
        <Base_Win32>true</Base_Win32>
        <CfgParent>Base</CfgParent>
        <Base>true</Base>
    </PropertyGroup>
    <PropertyGroup Condition="'$(Config)'=='Debug' or '$(Cfg_1)'!=''">
        <Cfg_1>true</Cfg_1>
        <CfgParent>Base</CfgParent>
        <Base>true</Base>
    </PropertyGroup>
    <PropertyGroup Condition="('$(Platform)'=='Win32' and '$(Cfg_1)'=='true') or '$(Cfg_1_Win32)'!=''">
        <Cfg_1_Win32>true</Cfg_1_Win32>
        <CfgParent>Cfg_1</CfgParent>
        <Cfg_1>true</Cfg_1>
        <Base>true</Base>
    </PropertyGroup>
    <PropertyGroup Condition="'$(Config)'=='Release' or '$(Cfg_2)'!=''">
        <Cfg_2>true</Cfg_2>
        <CfgParent>Base</CfgParent>
        <Base>true</Base>
    </PropertyGroup>
    <PropertyGroup Condition="'$(Base)'!=''">
        <SanitizedProjectName>Skia_Package_VCL_Designtime</SanitizedProjectName>
        <DCC_BplOutput>..\..\Library\RAD Studio XE7\$(Platform)\$(Config)\Bpl</DCC_BplOutput>
        <DCC_CBuilderOutput>All</DCC_CBuilderOutput>
        <DCC_DcpOutput>..\..\Library\RAD Studio XE7\$(Platform)\$(Config)</DCC_DcpOutput>
        <DCC_DcuOutput>..\..\Library\RAD Studio XE7\$(Platform)\$(Config)</DCC_DcuOutput>
        <DCC_Description>Skia4Delphi VCL Designtime package</DCC_Description>
        <DCC_ExeOutput>.\$(Platform)\$(Config)</DCC_ExeOutput>
        <DCC_Namespace>System;Xml;Data;Datasnap;Web;Soap;Vcl;Vcl.Imaging;Vcl.Touch;Vcl.Samples;Vcl.Shell;$(DCC_Namespace)</DCC_Namespace>
        <DCC_UnitSearchPath>..\..\Library\RAD Studio XE7\$(Platform)\$(Config);..\..\Source;..\..\Source\VCL;$(DCC_UnitSearchPath)</DCC_UnitSearchPath>
        <DesignOnlyPackage>true</DesignOnlyPackage>
        <DllSuffix>210</DllSuffix>
        <GenDll>true</GenDll>
        <GenPackage>true</GenPackage>
        <VerInfo_Keys>CompanyName=;FileDescription=;FileVersion=1.0.0.0;InternalName=;LegalCopyright=;LegalTrademarks=;OriginalFilename=;ProductName=;ProductVersion=1.0.0.0;Comments=</VerInfo_Keys>
        <VerInfo_Locale>1033</VerInfo_Locale>
    </PropertyGroup>
    <PropertyGroup Condition="'$(Base_Win32)'!=''">
        <DCC_Namespace>Winapi;System.Win;Data.Win;Datasnap.Win;Web.Win;Soap.Win;Xml.Win;Bde;$(DCC_Namespace)</DCC_Namespace>
        <VerInfo_IncludeVerInfo>true</VerInfo_IncludeVerInfo>
        <VerInfo_Keys>CompanyName=;FileDescription=;FileVersion=1.0.0.0;InternalName=;LegalCopyright=;LegalTrademarks=;OriginalFilename=;ProductName=;ProductVersion=1.0.0.0;Comments=</VerInfo_Keys>
        <VerInfo_Locale>1033</VerInfo_Locale>
    </PropertyGroup>
    <PropertyGroup Condition="'$(Cfg_1)'!=''">
        <DCC_DebugDCUs>true</DCC_DebugDCUs>
        <DCC_DebugInfoInExe>true</DCC_DebugInfoInExe>
        <DCC_Define>DEBUG;$(DCC_Define)</DCC_Define>
        <DCC_GenerateStackFrames>true</DCC_GenerateStackFrames>
        <DCC_Optimize>false</DCC_Optimize>
        <DCC_RemoteDebug>true</DCC_RemoteDebug>
    </PropertyGroup>
    <PropertyGroup Condition="'$(Cfg_1_Win32)'!=''">
        <DCC_RemoteDebug>false</DCC_RemoteDebug>
        <VerInfo_IncludeVerInfo>true</VerInfo_IncludeVerInfo>
        <VerInfo_Locale>1033</VerInfo_Locale>
    </PropertyGroup>
    <PropertyGroup Condition="'$(Cfg_2)'!=''">
        <DCC_DebugInformation>0</DCC_DebugInformation>
        <DCC_Define>RELEASE;$(DCC_Define)</DCC_Define>
        <DCC_LocalDebugSymbols>false</DCC_LocalDebugSymbols>
        <DCC_SymbolReferenceInfo>0</DCC_SymbolReferenceInfo>
    </PropertyGroup>
    <ItemGroup>
        <DelphiCompile Include="$(MainSource)">
            <MainSource>MainSource</MainSource>
        </DelphiCompile>
        <DCCReference Include="rtl.dcp"/>
        <DCCReference Include="vcl.dcp"/>
        <DCCReference Include="vclimg.dcp"/>
        <DCCReference Include="designide.dcp"/>
        <DCCReference Include="Skia.Package.RTL.dcp"/>
        <DCCReference Include="Skia.Package.VCL.dcp"/>
        <DCCReference Include="..\..\Source\VCL\Designtime\Skia.Vcl.Designtime.Editor.AnimatedImage.pas">
            <Form>SkAnimatedImageEditorForm</Form>
            <FormType>dfm</FormType>
        </DCCReference>
        <DCCReference Include="..\..\Source\VCL\Designtime\Skia.Vcl.Designtime.Editor.Svg.pas">
            <Form>SKSvgEditorForm</Form>
            <FormType>dfm</FormType>
        </DCCReference>
        <DCCReference Include="..\..\Source\VCL\Designtime\Skia.Vcl.Designtime.pas"/>
        <DCCReference Include="..\..\Source\VCL\Designtime\Skia.Vcl.Designtime.ProjectMenu.pas"/>
        <BuildConfiguration Include="Base">
            <Key>Base</Key>
        </BuildConfiguration>
        <BuildConfiguration Include="Debug">
            <Key>Cfg_1</Key>
            <CfgParent>Base</CfgParent>
        </BuildConfiguration>
        <BuildConfiguration Include="Release">
            <Key>Cfg_2</Key>
            <CfgParent>Base</CfgParent>
        </BuildConfiguration>
    </ItemGroup>
    <ProjectExtensions>
        <Borland.Personality>Delphi.Personality.12</Borland.Personality>
        <Borland.ProjectType>Package</Borland.ProjectType>
        <BorlandProject>
            <Delphi.Personality>
                <Source>
                    <Source Name="MainSource">Skia.Package.VCL.Designtime.dpk</Source>
                </Source>
                <Excluded_Packages/>
            </Delphi.Personality>
            <Platforms>
                <Platform value="Android">False</Platform>
                <Platform value="OSX32">False</Platform>
                <Platform value="Win32">True</Platform>
                <Platform value="Win64">False</Platform>
                <Platform value="iOSDevice">False</Platform>
                <Platform value="iOSSimulator">False</Platform>
            </Platforms>
        </BorlandProject>
        <ProjectFileVersion>12</ProjectFileVersion>
    </ProjectExtensions>
    <Import Project="..\Common\Skia.Package.Delphi" Condition="Exists('..\Common\Skia.Package.Delphi')"/>
    <Import Project="$(BDS)\Bin\CodeGear.Delphi.Targets" Condition="Exists('$(BDS)\Bin\CodeGear.Delphi.Targets')"/>
    <Import Project="$(APPDATA)\Embarcadero\$(BDSAPPDATABASEDIR)\$(PRODUCTVERSION)\UserTools.proj" Condition="Exists('$(APPDATA)\Embarcadero\$(BDSAPPDATABASEDIR)\$(PRODUCTVERSION)\UserTools.proj')"/>
    <Import Project="$(MSBuildProjectName).deployproj" Condition="Exists('$(MSBuildProjectName).deployproj')"/>
</Project>
