<!--
 Copyright (c) 2021-2023 Skia4Delphi Project.

 Use of this source code is governed by the MIT license that can be
 found in the LICENSE file.
-->
<Project xmlns="http://schemas.microsoft.com/developer/msbuild/2003">
    <PropertyGroup>
        <Base>True</Base>
        <AppType>Application</AppType>
        <Config Condition="'$(Config)'==''">Release</Config>
        <FrameworkType>FMX</FrameworkType>
        <MainSource>Skia4Delphi.dpr</MainSource>
        <Platform Condition="'$(Platform)'==''">Win32</Platform>
        <ProjectGuid>{4D0A0B29-7DC9-4FA4-A1E1-DCEE7004F458}</ProjectGuid>
        <ProjectVersion>18.8</ProjectVersion>
        <TargetedPlatforms>32787</TargetedPlatforms>
    </PropertyGroup>
    <PropertyGroup Condition="'$(Config)'=='Base' or '$(Base)'!=''">
        <Base>true</Base>
    </PropertyGroup>
    <PropertyGroup Condition="('$(Platform)'=='Android' and '$(Base)'=='true') or '$(Base_Android)'!=''">
        <Base_Android>true</Base_Android>
        <CfgParent>Base</CfgParent>
        <Base>true</Base>
    </PropertyGroup>
    <PropertyGroup Condition="('$(Platform)'=='Android64' and '$(Base)'=='true') or '$(Base_Android64)'!=''">
        <Base_Android64>true</Base_Android64>
        <CfgParent>Base</CfgParent>
        <Base>true</Base>
    </PropertyGroup>
    <PropertyGroup Condition="('$(Platform)'=='Win32' and '$(Base)'=='true') or '$(Base_Win32)'!=''">
        <Base_Win32>true</Base_Win32>
        <CfgParent>Base</CfgParent>
        <Base>true</Base>
    </PropertyGroup>
    <PropertyGroup Condition="('$(Platform)'=='Win64' and '$(Base)'=='true') or '$(Base_Win64)'!=''">
        <Base_Win64>true</Base_Win64>
        <CfgParent>Base</CfgParent>
        <Base>true</Base>
    </PropertyGroup>
    <PropertyGroup Condition="'$(Config)'=='Debug' or '$(Cfg_1)'!=''">
        <Cfg_1>true</Cfg_1>
        <CfgParent>Base</CfgParent>
        <Base>true</Base>
    </PropertyGroup>
    <PropertyGroup Condition="('$(Platform)'=='Win32' and '$(Cfg_1)'=='true') or '$(Cfg_1_Win32)'!=''">
        <Cfg_1_Win32>true</Cfg_1_Win32>
        <CfgParent>Cfg_1</CfgParent>
        <Cfg_1>true</Cfg_1>
        <Base>true</Base>
    </PropertyGroup>
    <PropertyGroup Condition="('$(Platform)'=='Win64' and '$(Cfg_1)'=='true') or '$(Cfg_1_Win64)'!=''">
        <Cfg_1_Win64>true</Cfg_1_Win64>
        <CfgParent>Cfg_1</CfgParent>
        <Cfg_1>true</Cfg_1>
        <Base>true</Base>
    </PropertyGroup>
    <PropertyGroup Condition="'$(Config)'=='Release' or '$(Cfg_2)'!=''">
        <Cfg_2>true</Cfg_2>
        <CfgParent>Base</CfgParent>
        <Base>true</Base>
    </PropertyGroup>
    <PropertyGroup Condition="('$(Platform)'=='Win32' and '$(Cfg_2)'=='true') or '$(Cfg_2_Win32)'!=''">
        <Cfg_2_Win32>true</Cfg_2_Win32>
        <CfgParent>Cfg_2</CfgParent>
        <Cfg_2>true</Cfg_2>
        <Base>true</Base>
    </PropertyGroup>
    <PropertyGroup Condition="('$(Platform)'=='Win64' and '$(Cfg_2)'=='true') or '$(Cfg_2_Win64)'!=''">
        <Cfg_2_Win64>true</Cfg_2_Win64>
        <CfgParent>Cfg_2</CfgParent>
        <Cfg_2>true</Cfg_2>
        <Base>true</Base>
    </PropertyGroup>
    <PropertyGroup Condition="'$(Base)'!=''">
        <SanitizedProjectName>Skia4Delphi</SanitizedProjectName>
        <AUP_ACCESS_COARSE_LOCATION>true</AUP_ACCESS_COARSE_LOCATION>
        <AUP_ACCESS_FINE_LOCATION>true</AUP_ACCESS_FINE_LOCATION>
        <AUP_CALL_PHONE>true</AUP_CALL_PHONE>
        <AUP_INTERNET>true</AUP_INTERNET>
        <AUP_READ_EXTERNAL_STORAGE>true</AUP_READ_EXTERNAL_STORAGE>
        <AUP_WRITE_EXTERNAL_STORAGE>true</AUP_WRITE_EXTERNAL_STORAGE>
        <DCC_DcuOutput>.\..\..\Objects\$(Platform)\$(Config)</DCC_DcuOutput>
        <DCC_Define>SKIA;$(DCC_Define)</DCC_Define>
        <DCC_ExeOutput>.\..\..\Binary\$(Platform)\$(Config)</DCC_ExeOutput>
        <DCC_Namespace>System;Xml;Data;Datasnap;Web;Soap;$(DCC_Namespace)</DCC_Namespace>
        <DCC_UnitSearchPath>.\..\..\Source\ThirdParty;$(DCC_UnitSearchPath)</DCC_UnitSearchPath>
        <EL_SecureFileSharing>true</EL_SecureFileSharing>
        <Icns_MainIcns>$(BDS)\bin\delphi_PROJECTICNS.icns</Icns_MainIcns>
        <Icon_MainIcon>$(BDS)\bin\delphi_PROJECTICON.ico</Icon_MainIcon>
    </PropertyGroup>
    <PropertyGroup Condition="'$(Base_Android)'!=''">
        <Android_LauncherIcon144>$(BDS)\bin\Artwork\Android\FM_LauncherIcon_144x144.png</Android_LauncherIcon144>
        <Android_LauncherIcon36>$(BDS)\bin\Artwork\Android\FM_LauncherIcon_36x36.png</Android_LauncherIcon36>
        <Android_LauncherIcon48>$(BDS)\bin\Artwork\Android\FM_LauncherIcon_48x48.png</Android_LauncherIcon48>
        <Android_LauncherIcon72>$(BDS)\bin\Artwork\Android\FM_LauncherIcon_72x72.png</Android_LauncherIcon72>
        <Android_LauncherIcon96>$(BDS)\bin\Artwork\Android\FM_LauncherIcon_96x96.png</Android_LauncherIcon96>
        <Android_NotificationAccentColor>#000000</Android_NotificationAccentColor>
        <Android_NotificationIcon24>$(BDS)\bin\Artwork\Android\FM_NotificationIcon_24x24.png</Android_NotificationIcon24>
        <Android_NotificationIcon36>$(BDS)\bin\Artwork\Android\FM_NotificationIcon_36x36.png</Android_NotificationIcon36>
        <Android_NotificationIcon48>$(BDS)\bin\Artwork\Android\FM_NotificationIcon_48x48.png</Android_NotificationIcon48>
        <Android_NotificationIcon72>$(BDS)\bin\Artwork\Android\FM_NotificationIcon_72x72.png</Android_NotificationIcon72>
        <Android_NotificationIcon96>$(BDS)\bin\Artwork\Android\FM_NotificationIcon_96x96.png</Android_NotificationIcon96>
        <Android_SplashImage426>$(BDS)\bin\Artwork\Android\FM_SplashImage_426x320.png</Android_SplashImage426>
        <Android_SplashImage470>$(BDS)\bin\Artwork\Android\FM_SplashImage_470x320.png</Android_SplashImage470>
        <Android_SplashImage640>$(BDS)\bin\Artwork\Android\FM_SplashImage_640x480.png</Android_SplashImage640>
        <Android_SplashImage960>$(BDS)\bin\Artwork\Android\FM_SplashImage_960x720.png</Android_SplashImage960>
        <BT_BuildType>Debug</BT_BuildType>
        <DCC_UsePackage>DBXSqliteDriver;RESTComponents;DBXInterBaseDriver;emsclientfiredac;DataSnapFireDAC;tethering;bindcompfmx;FmxTeeUI;FireDACIBDriver;fmx;FireDACDBXDriver;dbexpress;IndyCore;dsnap;DataSnapCommon;emsclient;FireDACCommon;RESTBackendComponents;soapserver;Skia.Package.FMX;bindengine;CloudService;FireDACCommonDriver;DataSnapClient;inet;bindcompdbx;IndyIPCommon;IndyIPServer;IndySystem;fmxFireDAC;FireDAC;FireDACSqliteDriver;ibmonitor;FMXTee;soaprtl;DbxCommonDriver;ibxpress;xmlrtl;soapmidas;DataSnapNativeClient;ibxbindings;rtl;DbxClientDriver;FireDACDSDriver;CustomIPTransport;bindcomp;IndyIPClient;Skia.Package.RTL;dbxcds;dsnapxml;DataSnapProviderClient;dbrtl;IndyProtocols;$(DCC_UsePackage)</DCC_UsePackage>
        <IncludeAndroid_Splash>False</IncludeAndroid_Splash>
        <VerInfo_Build>1</VerInfo_Build>
        <VerInfo_IncludeVerInfo>true</VerInfo_IncludeVerInfo>
        <VerInfo_Keys>package=org.skia4delphi.demo;label=$(MSBuildProjectName);versionCode=3;versionName=1.0.0;persistent=False;restoreAnyVersion=False;installLocation=auto;largeHeap=False;theme=No TitleBar;hardwareAccelerated=true;apiKey=</VerInfo_Keys>
    </PropertyGroup>
    <PropertyGroup Condition="'$(Base_Android64)'!=''">
        <Android_LauncherIcon144>$(BDS)\bin\Artwork\Android\FM_LauncherIcon_144x144.png</Android_LauncherIcon144>
        <Android_LauncherIcon36>$(BDS)\bin\Artwork\Android\FM_LauncherIcon_36x36.png</Android_LauncherIcon36>
        <Android_LauncherIcon48>$(BDS)\bin\Artwork\Android\FM_LauncherIcon_48x48.png</Android_LauncherIcon48>
        <Android_LauncherIcon72>$(BDS)\bin\Artwork\Android\FM_LauncherIcon_72x72.png</Android_LauncherIcon72>
        <Android_LauncherIcon96>$(BDS)\bin\Artwork\Android\FM_LauncherIcon_96x96.png</Android_LauncherIcon96>
        <Android_NotificationAccentColor>#000000</Android_NotificationAccentColor>
        <Android_NotificationIcon24>$(BDS)\bin\Artwork\Android\FM_NotificationIcon_24x24.png</Android_NotificationIcon24>
        <Android_NotificationIcon36>$(BDS)\bin\Artwork\Android\FM_NotificationIcon_36x36.png</Android_NotificationIcon36>
        <Android_NotificationIcon48>$(BDS)\bin\Artwork\Android\FM_NotificationIcon_48x48.png</Android_NotificationIcon48>
        <Android_NotificationIcon72>$(BDS)\bin\Artwork\Android\FM_NotificationIcon_72x72.png</Android_NotificationIcon72>
        <Android_NotificationIcon96>$(BDS)\bin\Artwork\Android\FM_NotificationIcon_96x96.png</Android_NotificationIcon96>
        <Android_SplashImage426>$(BDS)\bin\Artwork\Android\FM_SplashImage_426x320.png</Android_SplashImage426>
        <Android_SplashImage470>$(BDS)\bin\Artwork\Android\FM_SplashImage_470x320.png</Android_SplashImage470>
        <Android_SplashImage640>$(BDS)\bin\Artwork\Android\FM_SplashImage_640x480.png</Android_SplashImage640>
        <Android_SplashImage960>$(BDS)\bin\Artwork\Android\FM_SplashImage_960x720.png</Android_SplashImage960>
        <BT_BuildType>Debug</BT_BuildType>
        <DCC_UsePackage>DBXSqliteDriver;RESTComponents;DBXInterBaseDriver;emsclientfiredac;DataSnapFireDAC;tethering;bindcompfmx;FmxTeeUI;FireDACIBDriver;fmx;FireDACDBXDriver;dbexpress;IndyCore;dsnap;DataSnapCommon;emsclient;FireDACCommon;RESTBackendComponents;soapserver;Skia.Package.FMX;bindengine;CloudService;FireDACCommonDriver;DataSnapClient;inet;bindcompdbx;IndyIPCommon;IndyIPServer;IndySystem;fmxFireDAC;FireDAC;FireDACSqliteDriver;ibmonitor;FMXTee;soaprtl;DbxCommonDriver;ibxpress;xmlrtl;soapmidas;DataSnapNativeClient;ibxbindings;rtl;DbxClientDriver;FireDACDSDriver;CustomIPTransport;bindcomp;IndyIPClient;Skia.Package.RTL;dbxcds;dsnapxml;DataSnapProviderClient;dbrtl;IndyProtocols;$(DCC_UsePackage)</DCC_UsePackage>
        <IncludeAndroid_Splash>False</IncludeAndroid_Splash>
        <VerInfo_Build>1</VerInfo_Build>
        <VerInfo_IncludeVerInfo>true</VerInfo_IncludeVerInfo>
        <VerInfo_Keys>package=org.skia4delphi.demo;label=$(MSBuildProjectName);versionCode=3;versionName=1.0.0;persistent=False;restoreAnyVersion=False;installLocation=auto;largeHeap=False;theme=No TitleBar;hardwareAccelerated=true;apiKey=</VerInfo_Keys>
    </PropertyGroup>
    <PropertyGroup Condition="'$(Base_Win32)'!=''">
        <BT_BuildType>Debug</BT_BuildType>
        <DCC_Namespace>Winapi;System.Win;Data.Win;Datasnap.Win;Web.Win;Soap.Win;Xml.Win;Bde;$(DCC_Namespace)</DCC_Namespace>
        <DCC_UsePackage>DBXSqliteDriver;RESTComponents;DataSnapServerMidas;DBXDb2Driver;DBXInterBaseDriver;vclactnband;vclFireDAC;emsclientfiredac;DataSnapFireDAC;svnui;tethering;FireDACADSDriver;DBXMSSQLDriver;DatasnapConnectorsFreePascal;FireDACMSSQLDriver;vcltouch;vcldb;bindcompfmx;svn;DBXOracleDriver;inetdb;FmxTeeUI;emsedge;FireDACIBDriver;fmx;fmxdae;vclib;FireDACDBXDriver;dbexpress;IndyCore;vclx;dsnap;DataSnapCommon;emsclient;FireDACCommon;RESTBackendComponents;DataSnapConnectors;VCLRESTComponents;Skia.Package.VCL;soapserver;Skia.Package.FMX;vclie;bindengine;DBXMySQLDriver;FireDACOracleDriver;CloudService;FireDACMySQLDriver;DBXFirebirdDriver;FireDACCommonODBC;FireDACCommonDriver;DataSnapClient;inet;bindcompdbx;IndyIPCommon;vcl;DBXSybaseASEDriver;IndyIPServer;IndySystem;FireDACDb2Driver;dsnapcon;FireDACMSAccDriver;fmxFireDAC;FireDACInfxDriver;vclimg;TeeDB;FireDAC;emshosting;FireDACSqliteDriver;FireDACPgDriver;ibmonitor;FireDACASADriver;DBXOdbcDriver;FireDACTDataDriver;FMXTee;soaprtl;DbxCommonDriver;ibxpress;Tee;DataSnapServer;xmlrtl;soapmidas;DataSnapNativeClient;fmxobj;vclwinx;ibxbindings;rtl;emsserverresource;DbxClientDriver;FireDACDSDriver;DBXSybaseASADriver;CustomIPTransport;vcldsnap;bindcomp;appanalytics;DBXInformixDriver;IndyIPClient;Skia.Package.RTL;bindcompvcl;TeeUI;dbxcds;VclSmp;adortl;FireDACODBCDriver;DataSnapIndy10ServerTransport;dsnapxml;DataSnapProviderClient;dbrtl;inetdbxpress;FireDACMongoDBDriver;IndyProtocols;fmxase;$(DCC_UsePackage)</DCC_UsePackage>
        <Manifest_File>$(BDS)\bin\default_app.manifest</Manifest_File>
        <VerInfo_IncludeVerInfo>true</VerInfo_IncludeVerInfo>
        <VerInfo_Keys>CompanyName=skia4delphi.org;FileDescription=$(MSBuildProjectName);FileVersion=1.0.0.0;InternalName=;LegalCopyright=;LegalTrademarks=;OriginalFilename=;ProgramID=org.skia4delphi.demo;ProductName=$(MSBuildProjectName);ProductVersion=1.0.0.0;Comments=</VerInfo_Keys>
        <VerInfo_Locale>1033</VerInfo_Locale>
        <VerInfo_MajorVer>3</VerInfo_MajorVer>
    </PropertyGroup>
    <PropertyGroup Condition="'$(Base_Win64)'!=''">
        <BT_BuildType>Debug</BT_BuildType>
        <DCC_Namespace>Winapi;System.Win;Data.Win;Datasnap.Win;Web.Win;Soap.Win;Xml.Win;$(DCC_Namespace)</DCC_Namespace>
        <DCC_UsePackage>DBXSqliteDriver;RESTComponents;DataSnapServerMidas;DBXDb2Driver;DBXInterBaseDriver;vclactnband;vclFireDAC;emsclientfiredac;DataSnapFireDAC;tethering;FireDACADSDriver;DBXMSSQLDriver;DatasnapConnectorsFreePascal;FireDACMSSQLDriver;vcltouch;vcldb;bindcompfmx;DBXOracleDriver;inetdb;FmxTeeUI;emsedge;FireDACIBDriver;fmx;fmxdae;vclib;FireDACDBXDriver;dbexpress;IndyCore;vclx;dsnap;DataSnapCommon;emsclient;FireDACCommon;RESTBackendComponents;DataSnapConnectors;VCLRESTComponents;Skia.Package.VCL;soapserver;Skia.Package.FMX;vclie;bindengine;DBXMySQLDriver;FireDACOracleDriver;CloudService;FireDACMySQLDriver;DBXFirebirdDriver;FireDACCommonODBC;FireDACCommonDriver;DataSnapClient;inet;bindcompdbx;IndyIPCommon;vcl;DBXSybaseASEDriver;IndyIPServer;IndySystem;FireDACDb2Driver;dsnapcon;FireDACMSAccDriver;fmxFireDAC;FireDACInfxDriver;vclimg;TeeDB;FireDAC;emshosting;FireDACSqliteDriver;FireDACPgDriver;ibmonitor;FireDACASADriver;DBXOdbcDriver;FireDACTDataDriver;FMXTee;soaprtl;DbxCommonDriver;ibxpress;Tee;DataSnapServer;xmlrtl;soapmidas;DataSnapNativeClient;fmxobj;vclwinx;ibxbindings;rtl;emsserverresource;DbxClientDriver;FireDACDSDriver;DBXSybaseASADriver;CustomIPTransport;vcldsnap;bindcomp;appanalytics;DBXInformixDriver;IndyIPClient;Skia.Package.RTL;bindcompvcl;TeeUI;dbxcds;VclSmp;adortl;FireDACODBCDriver;DataSnapIndy10ServerTransport;dsnapxml;DataSnapProviderClient;dbrtl;inetdbxpress;FireDACMongoDBDriver;IndyProtocols;fmxase;$(DCC_UsePackage)</DCC_UsePackage>
        <Manifest_File>$(BDS)\bin\default_app.manifest</Manifest_File>
        <VerInfo_IncludeVerInfo>true</VerInfo_IncludeVerInfo>
        <VerInfo_Keys>CompanyName=skia4delphi.org;FileDescription=$(MSBuildProjectName);FileVersion=1.0.0.0;InternalName=;LegalCopyright=;LegalTrademarks=;OriginalFilename=;ProgramID=org.skia4delphi.demo;ProductName=$(MSBuildProjectName);ProductVersion=1.0.0.0;Comments=</VerInfo_Keys>
        <VerInfo_Locale>1033</VerInfo_Locale>
        <VerInfo_MajorVer>3</VerInfo_MajorVer>
    </PropertyGroup>
    <PropertyGroup Condition="'$(Cfg_1)'!=''">
        <DCC_DebugDCUs>true</DCC_DebugDCUs>
        <DCC_DebugInfoInExe>true</DCC_DebugInfoInExe>
        <DCC_Define>DEBUG;$(DCC_Define)</DCC_Define>
        <DCC_GenerateStackFrames>true</DCC_GenerateStackFrames>
        <DCC_Optimize>false</DCC_Optimize>
        <DCC_RemoteDebug>true</DCC_RemoteDebug>
    </PropertyGroup>
    <PropertyGroup Condition="'$(Cfg_1_Win32)'!=''">
        <AppDPIAwarenessMode>PerMonitorV2</AppDPIAwarenessMode>
        <AppEnableRuntimeThemes>true</AppEnableRuntimeThemes>
        <DCC_RemoteDebug>false</DCC_RemoteDebug>
    </PropertyGroup>
    <PropertyGroup Condition="'$(Cfg_1_Win64)'!=''">
        <AppDPIAwarenessMode>PerMonitorV2</AppDPIAwarenessMode>
        <AppEnableRuntimeThemes>true</AppEnableRuntimeThemes>
    </PropertyGroup>
    <PropertyGroup Condition="'$(Cfg_2)'!=''">
        <DCC_DebugInformation>0</DCC_DebugInformation>
        <DCC_Define>RELEASE;$(DCC_Define)</DCC_Define>
        <DCC_LocalDebugSymbols>false</DCC_LocalDebugSymbols>
        <DCC_SymbolReferenceInfo>0</DCC_SymbolReferenceInfo>
    </PropertyGroup>
    <PropertyGroup Condition="'$(Cfg_2_Win32)'!=''">
        <AppDPIAwarenessMode>PerMonitorV2</AppDPIAwarenessMode>
        <AppEnableRuntimeThemes>true</AppEnableRuntimeThemes>
        <VerInfo_IncludeVerInfo>true</VerInfo_IncludeVerInfo>
        <VerInfo_Locale>1033</VerInfo_Locale>
    </PropertyGroup>
    <PropertyGroup Condition="'$(Cfg_2_Win64)'!=''">
        <AppDPIAwarenessMode>PerMonitorV2</AppDPIAwarenessMode>
        <AppEnableRuntimeThemes>true</AppEnableRuntimeThemes>
    </PropertyGroup>
    <ItemGroup>
        <DelphiCompile Include="$(MainSource)">
            <MainSource>MainSource</MainSource>
        </DelphiCompile>
        <DCCReference Include="..\..\Source\Base\Sample.Form.Base.pas">
            <Form>frmBase</Form>
            <FormType>fmx</FormType>
        </DCCReference>
        <DCCReference Include="..\..\Source\Base\Sample.Form.Base.Styled.Seattle.pas">
            <Form>frmStyledBase</Form>
            <FormType>fmx</FormType>
        </DCCReference>
        <DCCReference Include="..\..\Source\Base\Sample.Form.Base.Viewer.pas">
            <Form>frmBaseViewer</Form>
            <FormType>fmx</FormType>
        </DCCReference>
        <DCCReference Include="..\..\Source\Sample.Form.Basics.pas">
            <Form>frmBasics</Form>
            <FormType>fmx</FormType>
        </DCCReference>
        <DCCReference Include="..\..\Source\Sample.Form.Controls.pas">
            <Form>frmControls</Form>
            <FormType>fmx</FormType>
        </DCCReference>
        <DCCReference Include="..\..\Source\Sample.Form.Controls.TSkAnimatedImage.pas">
            <Form>frmTSkAnimatedImage</Form>
            <FormType>fmx</FormType>
        </DCCReference>
        <DCCReference Include="..\..\Source\Sample.Form.Controls.TSkLabel.pas">
            <Form>frmTSkLabel</Form>
            <FormType>fmx</FormType>
        </DCCReference>
        <DCCReference Include="..\..\Source\Sample.Form.Controls.TSkPaintBox.pas">
            <Form>frmTSkPaintBox</Form>
            <FormType>fmx</FormType>
        </DCCReference>
        <DCCReference Include="..\..\Source\Sample.Form.Controls.TSkSVG.pas">
            <Form>frmTSkSVG</Form>
            <FormType>fmx</FormType>
        </DCCReference>
        <DCCReference Include="..\..\Source\Sample.Form.Documents.pas">
            <Form>frmDocuments</Form>
            <FormType>fmx</FormType>
        </DCCReference>
        <DCCReference Include="..\..\Source\Sample.Form.Filter.pas">
            <Form>frmFilter</Form>
            <FormType>fmx</FormType>
        </DCCReference>
        <DCCReference Include="..\..\Source\Sample.Form.Image.pas">
            <Form>frmImage</Form>
            <FormType>fmx</FormType>
        </DCCReference>
        <DCCReference Include="..\..\Source\Sample.Form.Main.pas">
            <Form>frmMain</Form>
            <FormType>fmx</FormType>
        </DCCReference>
        <DCCReference Include="..\..\Source\Sample.Form.PathsAndEffects.pas">
            <Form>frmPathsAndEffects</Form>
            <FormType>fmx</FormType>
        </DCCReference>
        <DCCReference Include="..\..\Source\Sample.Form.RuntimeEffects.pas">
            <Form>frmRuntimeEffects</Form>
            <FormType>fmx</FormType>
        </DCCReference>
        <DCCReference Include="..\..\Source\Sample.Form.SplashScreen.pas">
            <Form>frmSplashScreen</Form>
            <FormType>fmx</FormType>
        </DCCReference>
        <DCCReference Include="..\..\Source\Sample.Form.Text.pas">
            <Form>frmText</Form>
            <FormType>fmx</FormType>
        </DCCReference>
        <DCCReference Include="..\..\Source\Sample.Form.Transforms.pas">
            <Form>frmTransforms</Form>
            <FormType>fmx</FormType>
        </DCCReference>
        <DCCReference Include="..\..\Source\Sample.Form.Unicode.pas">
            <Form>frmUnicode</Form>
            <FormType>fmx</FormType>
        </DCCReference>
        <DCCReference Include="..\..\Source\Viewer\Sample.Form.Viewer.AnimatedPaintBox.pas">
            <Form>frmAnimatedPaintBoxViewer</Form>
            <FormType>fmx</FormType>
        </DCCReference>
        <DCCReference Include="..\..\Source\Viewer\Sample.Form.Viewer.Comparison.Image.pas">
            <Form>frmComparisonImageViewer</Form>
            <FormType>fmx</FormType>
        </DCCReference>
        <DCCReference Include="..\..\Source\Viewer\Sample.Form.Viewer.Control.pas">
            <Form>frmControlViewer</Form>
            <FormType>fmx</FormType>
        </DCCReference>
        <DCCReference Include="..\..\Source\Viewer\Sample.Form.Viewer.PaintBox.pas">
            <Form>frmPaintBoxViewer</Form>
            <FormType>fmx</FormType>
        </DCCReference>
        <DCCReference Include="..\..\Source\Viewer\Sample.Form.Viewer.PDF.pas">
            <Form>frmPDFViewer</Form>
            <FormType>fmx</FormType>
        </DCCReference>
        <DCCReference Include="..\..\Source\Viewer\Sample.Form.Viewer.TImage.pas">
            <Form>frmTImageViewer</Form>
            <FormType>fmx</FormType>
        </DCCReference>
        <DCCReference Include="..\..\Source\Viewer\Sample.Form.Viewer.Unicode.BiDi.pas">
            <Form>frmUnicodeBiDiViewer</Form>
            <FormType>fmx</FormType>
        </DCCReference>
        <DCCReference Include="..\..\Source\Viewer\Sample.Form.Viewer.Unicode.Graphemes.pas">
            <Form>frmUnicodeGraphemesViewer</Form>
            <FormType>fmx</FormType>
        </DCCReference>
        <BuildConfiguration Include="Base">
            <Key>Base</Key>
        </BuildConfiguration>
        <BuildConfiguration Include="Debug">
            <Key>Cfg_1</Key>
            <CfgParent>Base</CfgParent>
        </BuildConfiguration>
        <BuildConfiguration Include="Release">
            <Key>Cfg_2</Key>
            <CfgParent>Base</CfgParent>
        </BuildConfiguration>
    </ItemGroup>
    <ProjectExtensions>
        <Borland.Personality>Delphi.Personality.12</Borland.Personality>
        <Borland.ProjectType>Application</Borland.ProjectType>
        <BorlandProject>
            <Delphi.Personality>
                <Source>
                    <Source Name="MainSource">Skia4Delphi.dpr</Source>
                </Source>
                <Excluded_Packages/>
            </Delphi.Personality>
            <Deployment Version="3">
                <DeployFile Required="true" LocalName="$(SKIADIR)\Binary\Android64\Release\libsk4d.so" Configuration="Debug" Class="Skia">
                    <Platform Name="Android64">
                        <RemoteDir>library\lib\arm64-v8a\</RemoteDir>
                        <Operation>1</Operation>
                        <RemoteName>libsk4d.so</RemoteName>
                        <Overwrite>true</Overwrite>
                    </Platform>
                </DeployFile>
                <DeployFile Required="true" LocalName="$(SKIADIR)\Binary\Android64\Release\libsk4d.so" Configuration="Release" Class="Skia">
                    <Platform Name="Android64">
                        <RemoteDir>library\lib\arm64-v8a\</RemoteDir>
                        <Operation>1</Operation>
                        <RemoteName>libsk4d.so</RemoteName>
                        <Overwrite>true</Overwrite>
                    </Platform>
                </DeployFile>
                <DeployFile Required="true" LocalName="$(SKIADIR)\Binary\Android\Release\libsk4d.so" Configuration="Debug" Class="Skia">
                    <Platform Name="Android">
                        <RemoteDir>library\lib\armeabi-v7a\</RemoteDir>
                        <Operation>1</Operation>
                        <RemoteName>libsk4d.so</RemoteName>
                        <Overwrite>true</Overwrite>
                    </Platform>
                </DeployFile>
                <DeployFile Condition="'$(AndroidAppBundle)'=='true'" Required="true" LocalName="$(SKIADIR)\Binary\Android\Release\libsk4d.so" Configuration="Debug" Class="Skia">
                    <Platform Name="Android64">
                        <RemoteDir>library\lib\armeabi-v7a\</RemoteDir>
                        <Operation>1</Operation>
                        <RemoteName>libsk4d.so</RemoteName>
                        <Overwrite>true</Overwrite>
                    </Platform>
                </DeployFile>
                <DeployFile Required="true" LocalName="$(SKIADIR)\Binary\Android\Release\libsk4d.so" Configuration="Release" Class="Skia">
                    <Platform Name="Android">
                        <RemoteDir>library\lib\armeabi-v7a\</RemoteDir>
                        <Operation>1</Operation>
                        <RemoteName>libsk4d.so</RemoteName>
                        <Overwrite>true</Overwrite>
                    </Platform>
                </DeployFile>
                <DeployFile Condition="'$(AndroidAppBundle)'=='true'" Required="true" LocalName="$(SKIADIR)\Binary\Android\Release\libsk4d.so" Configuration="Release" Class="Skia">
                    <Platform Name="Android64">
                        <RemoteDir>library\lib\armeabi-v7a\</RemoteDir>
                        <Operation>1</Operation>
                        <RemoteName>libsk4d.so</RemoteName>
                        <Overwrite>true</Overwrite>
                    </Platform>
                </DeployFile>
                <DeployFile Required="true" LocalName="$(SKIADIR)\Binary\Win32\Release\sk4d.dll" Configuration="Debug" Class="Skia">
                    <Platform Name="Win32">
                        <RemoteDir>.\</RemoteDir>
                        <Operation>0</Operation>
                        <RemoteName>sk4d.dll</RemoteName>
                        <Overwrite>true</Overwrite>
                    </Platform>
                </DeployFile>
                <DeployFile Required="true" LocalName="$(SKIADIR)\Binary\Win32\Release\sk4d.dll" Configuration="Release" Class="Skia">
                    <Platform Name="Win32">
                        <RemoteDir>.\</RemoteDir>
                        <Operation>0</Operation>
                        <RemoteName>sk4d.dll</RemoteName>
                        <Overwrite>true</Overwrite>
                    </Platform>
                </DeployFile>
                <DeployFile Required="true" LocalName="$(SKIADIR)\Binary\Win64\Release\sk4d.dll" Configuration="Debug" Class="Skia">
                    <Platform Name="Win64">
                        <RemoteDir>.\</RemoteDir>
                        <Operation>0</Operation>
                        <RemoteName>sk4d.dll</RemoteName>
                        <Overwrite>true</Overwrite>
                    </Platform>
                </DeployFile>
                <DeployFile Required="true" LocalName="$(SKIADIR)\Binary\Win64\Release\sk4d.dll" Configuration="Release" Class="Skia">
                    <Platform Name="Win64">
                        <RemoteDir>.\</RemoteDir>
                        <Operation>0</Operation>
                        <RemoteName>sk4d.dll</RemoteName>
                        <Overwrite>true</Overwrite>
                    </Platform>
                </DeployFile>
                <DeployFile LocalName="..\..\Resources\splash_image_def.xml" Configuration="Debug" Class="File">
                    <Platform Name="Android">
                        <RemoteDir>res\drawable</RemoteDir>
                        <RemoteName>splash_image_def.xml</RemoteName>
                        <Overwrite>true</Overwrite>
                    </Platform>
                </DeployFile>
                <DeployFile LocalName="..\..\Resources\splash_image_def.xml" Configuration="Debug" Class="File">
                    <Platform Name="Android64">
                        <RemoteDir>res\drawable\</RemoteDir>
                        <RemoteName>splash_image_def.xml</RemoteName>
                        <Overwrite>true</Overwrite>
                    </Platform>
                </DeployFile>
                <DeployFile LocalName="..\..\Resources\splash_image_def.xml" Configuration="Release" Class="File">
                    <Platform Name="Android">
                        <RemoteDir>res\drawable\</RemoteDir>
                        <RemoteName>splash_image_def.xml</RemoteName>
                        <Overwrite>true</Overwrite>
                    </Platform>
                </DeployFile>
                <DeployFile LocalName="..\..\Resources\splash_image_def.xml" Configuration="Release" Class="File">
                    <Platform Name="Android64">
                        <RemoteDir>res\drawable\</RemoteDir>
                        <RemoteName>splash_image_def.xml</RemoteName>
                        <Overwrite>true</Overwrite>
                    </Platform>
                </DeployFile>
                <DeployFile LocalName="..\..\Resources\styles.xml" Configuration="Debug" Class="File">
                    <Platform Name="Android">
                        <RemoteDir>res\values\</RemoteDir>
                        <RemoteName>styles.xml</RemoteName>
                        <Overwrite>true</Overwrite>
                    </Platform>
                </DeployFile>
                <DeployFile LocalName="..\..\Resources\styles.xml" Configuration="Debug" Class="File">
                    <Platform Name="Android64">
                        <RemoteDir>res\values\</RemoteDir>
                        <RemoteName>styles.xml</RemoteName>
                        <Overwrite>true</Overwrite>
                    </Platform>
                </DeployFile>
                <DeployFile LocalName="..\..\Resources\styles.xml" Configuration="Release" Class="File">
                    <Platform Name="Android">
                        <RemoteDir>res\values\</RemoteDir>
                        <RemoteName>styles.xml</RemoteName>
                        <Overwrite>true</Overwrite>
                    </Platform>
                </DeployFile>
                <DeployFile LocalName="..\..\Resources\styles.xml" Configuration="Release" Class="File">
                    <Platform Name="Android64">
                        <RemoteDir>res\values\</RemoteDir>
                        <RemoteName>styles.xml</RemoteName>
                        <Overwrite>true</Overwrite>
                    </Platform>
                </DeployFile>
                <DeployFile LocalName="..\..\Resources\values-v27\styles.xml" Configuration="Debug" Class="File">
                    <Platform Name="Android">
                        <RemoteDir>res\values-v27\</RemoteDir>
                        <RemoteName>styles.xml</RemoteName>
                        <Overwrite>true</Overwrite>
                    </Platform>
                </DeployFile>
                <DeployFile LocalName="..\..\Resources\values-v27\styles.xml" Configuration="Debug" Class="File">
                    <Platform Name="Android64">
                        <RemoteDir>res\values-v27\</RemoteDir>
                        <RemoteName>styles.xml</RemoteName>
                        <Overwrite>true</Overwrite>
                    </Platform>
                </DeployFile>
                <DeployFile LocalName="..\..\Resources\values-v27\styles.xml" Configuration="Release" Class="File">
                    <Platform Name="Android">
                        <RemoteDir>res\values-v27\</RemoteDir>
                        <RemoteName>styles.xml</RemoteName>
                        <Overwrite>true</Overwrite>
                    </Platform>
                </DeployFile>
                <DeployFile LocalName="..\..\Resources\values-v27\styles.xml" Configuration="Release" Class="File">
                    <Platform Name="Android64">
                        <RemoteDir>res\values-v27\</RemoteDir>
                        <RemoteName>styles.xml</RemoteName>
                        <Overwrite>true</Overwrite>
                    </Platform>
                </DeployFile>
                <DeployFile LocalName="..\..\..\Assets\RuntimeEffects Shaders\mouse.sksl" Configuration="Debug" Class="File">
                    <Platform Name="Android">
                        <RemoteDir>assets\internal\RuntimeEffects Shaders</RemoteDir>
                        <RemoteName>mouse.sksl</RemoteName>
                        <Overwrite>true</Overwrite>
                    </Platform>
                    <Platform Name="Android64">
                        <RemoteDir>assets\internal\RuntimeEffects Shaders</RemoteDir>
                        <RemoteName>mouse.sksl</RemoteName>
                        <Overwrite>true</Overwrite>
                    </Platform>
                </DeployFile>
                <DeployFile LocalName="..\..\..\Assets\RuntimeEffects Shaders\mouse.sksl" Configuration="Release" Class="File">
                    <Platform Name="Android">
                        <RemoteDir>assets\internal\RuntimeEffects Shaders</RemoteDir>
                        <RemoteName>mouse.sksl</RemoteName>
                        <Overwrite>true</Overwrite>
                    </Platform>
                    <Platform Name="Android64">
                        <RemoteDir>assets\internal\RuntimeEffects Shaders</RemoteDir>
                        <RemoteName>mouse.sksl</RemoteName>
                        <Overwrite>true</Overwrite>
                    </Platform>
                </DeployFile>
                <DeployFile LocalName="..\..\..\Assets\RuntimeEffects Shaders\star-nest.sksl" Configuration="Debug" Class="File">
                    <Platform Name="Android">
                        <RemoteDir>assets\internal\RuntimeEffects Shaders</RemoteDir>
                        <RemoteName>star-nest.sksl</RemoteName>
                        <Overwrite>true</Overwrite>
                    </Platform>
                    <Platform Name="Android64">
                        <RemoteDir>assets\internal\RuntimeEffects Shaders</RemoteDir>
                        <RemoteName>star-nest.sksl</RemoteName>
                        <Overwrite>true</Overwrite>
                    </Platform>
                </DeployFile>
                <DeployFile LocalName="..\..\..\Assets\RuntimeEffects Shaders\star-nest.sksl" Configuration="Release" Class="File">
                    <Platform Name="Android">
                        <RemoteDir>assets\internal\RuntimeEffects Shaders</RemoteDir>
                        <RemoteName>star-nest.sksl</RemoteName>
                        <Overwrite>true</Overwrite>
                    </Platform>
                    <Platform Name="Android64">
                        <RemoteDir>assets\internal\RuntimeEffects Shaders</RemoteDir>
                        <RemoteName>star-nest.sksl</RemoteName>
                        <Overwrite>true</Overwrite>
                    </Platform>
                </DeployFile>
                <DeployFile LocalName="..\..\..\Assets\RuntimeEffects Shaders\time.sksl" Configuration="Debug" Class="File">
                    <Platform Name="Android">
                        <RemoteDir>assets\internal\RuntimeEffects Shaders</RemoteDir>
                        <RemoteName>time.sksl</RemoteName>
                        <Overwrite>true</Overwrite>
                    </Platform>
                    <Platform Name="Android64">
                        <RemoteDir>assets\internal\RuntimeEffects Shaders</RemoteDir>
                        <RemoteName>time.sksl</RemoteName>
                        <Overwrite>true</Overwrite>
                    </Platform>
                </DeployFile>
                <DeployFile LocalName="..\..\..\Assets\RuntimeEffects Shaders\time.sksl" Configuration="Release" Class="File">
                    <Platform Name="Android">
                        <RemoteDir>assets\internal\RuntimeEffects Shaders</RemoteDir>
                        <RemoteName>time.sksl</RemoteName>
                        <Overwrite>true</Overwrite>
                    </Platform>
                    <Platform Name="Android64">
                        <RemoteDir>assets\internal\RuntimeEffects Shaders</RemoteDir>
                        <RemoteName>time.sksl</RemoteName>
                        <Overwrite>true</Overwrite>
                    </Platform>
                </DeployFile>
                <DeployFile LocalName="..\..\..\Assets\carrots.svg" Configuration="Debug" Class="File">
                    <Platform Name="Android">
                        <RemoteDir>assets\internal\</RemoteDir>
                        <RemoteName>carrots.svg</RemoteName>
                        <Overwrite>true</Overwrite>
                    </Platform>
                    <Platform Name="Android64">
                        <RemoteDir>assets\internal\</RemoteDir>
                        <RemoteName>carrots.svg</RemoteName>
                        <Overwrite>true</Overwrite>
                    </Platform>
                </DeployFile>
                <DeployFile LocalName="..\..\..\Assets\carrots.svg" Configuration="Release" Class="File">
                    <Platform Name="Android">
                        <RemoteDir>assets\internal\</RemoteDir>
                        <RemoteName>carrots.svg</RemoteName>
                        <Overwrite>true</Overwrite>
                    </Platform>
                    <Platform Name="Android64">
                        <RemoteDir>assets\internal\</RemoteDir>
                        <RemoteName>carrots.svg</RemoteName>
                        <Overwrite>true</Overwrite>
                    </Platform>
                </DeployFile>
                <DeployFile LocalName="..\..\..\Assets\lamb.svg" Configuration="Debug" Class="File">
                    <Platform Name="Android">
                        <RemoteDir>assets\internal\</RemoteDir>
                        <RemoteName>lamb.svg</RemoteName>
                        <Overwrite>true</Overwrite>
                    </Platform>
                    <Platform Name="Android64">
                        <RemoteDir>assets\internal\</RemoteDir>
                        <RemoteName>lamb.svg</RemoteName>
                        <Overwrite>true</Overwrite>
                    </Platform>
                </DeployFile>
                <DeployFile LocalName="..\..\..\Assets\lamb.svg" Configuration="Release" Class="File">
                    <Platform Name="Android">
                        <RemoteDir>assets\internal\</RemoteDir>
                        <RemoteName>lamb.svg</RemoteName>
                        <Overwrite>true</Overwrite>
                    </Platform>
                    <Platform Name="Android64">
                        <RemoteDir>assets\internal\</RemoteDir>
                        <RemoteName>lamb.svg</RemoteName>
                        <Overwrite>true</Overwrite>
                    </Platform>
                </DeployFile>
                <DeployFile LocalName="..\..\..\Assets\animated.gif" Configuration="Debug" Class="File">
                    <Platform Name="Android">
                        <RemoteDir>assets\internal\</RemoteDir>
                        <RemoteName>animated.gif</RemoteName>
                        <Overwrite>true</Overwrite>
                    </Platform>
                    <Platform Name="Android64">
                        <RemoteDir>assets\internal\</RemoteDir>
                        <RemoteName>animated.gif</RemoteName>
                        <Overwrite>true</Overwrite>
                    </Platform>
                </DeployFile>
                <DeployFile LocalName="..\..\..\Assets\animated.gif" Configuration="Release" Class="File">
                    <Platform Name="Android">
                        <RemoteDir>assets\internal\</RemoteDir>
                        <RemoteName>animated.gif</RemoteName>
                        <Overwrite>true</Overwrite>
                    </Platform>
                    <Platform Name="Android64">
                        <RemoteDir>assets\internal\</RemoteDir>
                        <RemoteName>animated.gif</RemoteName>
                        <Overwrite>true</Overwrite>
                    </Platform>
                </DeployFile>
                <DeployFile LocalName="..\..\..\Assets\bonheur-royale-regular.ttf" Configuration="Debug" Class="File">
                    <Platform Name="Android">
                        <RemoteDir>assets\internal\</RemoteDir>
                        <RemoteName>bonheur-royale-regular.ttf</RemoteName>
                        <Overwrite>true</Overwrite>
                    </Platform>
                    <Platform Name="Android64">
                        <RemoteDir>assets\internal\</RemoteDir>
                        <RemoteName>bonheur-royale-regular.ttf</RemoteName>
                        <Overwrite>true</Overwrite>
                    </Platform>
                </DeployFile>
                <DeployFile LocalName="..\..\..\Assets\bonheur-royale-regular.ttf" Configuration="Release" Class="File">
                    <Platform Name="Android">
                        <RemoteDir>assets\internal\</RemoteDir>
                        <RemoteName>bonheur-royale-regular.ttf</RemoteName>
                        <Overwrite>true</Overwrite>
                    </Platform>
                    <Platform Name="Android64">
                        <RemoteDir>assets\internal\</RemoteDir>
                        <RemoteName>bonheur-royale-regular.ttf</RemoteName>
                        <Overwrite>true</Overwrite>
                    </Platform>
                </DeployFile>
                <DeployFile LocalName="..\..\..\Assets\chat-bubble.png" Configuration="Debug" Class="File">
                    <Platform Name="Android">
                        <RemoteDir>assets\internal\</RemoteDir>
                        <RemoteName>chat-bubble.png</RemoteName>
                        <Overwrite>true</Overwrite>
                    </Platform>
                    <Platform Name="Android64">
                        <RemoteDir>assets\internal\</RemoteDir>
                        <RemoteName>chat-bubble.png</RemoteName>
                        <Overwrite>true</Overwrite>
                    </Platform>
                </DeployFile>
                <DeployFile LocalName="..\..\..\Assets\chat-bubble.png" Configuration="Release" Class="File">
                    <Platform Name="Android">
                        <RemoteDir>assets\internal\</RemoteDir>
                        <RemoteName>chat-bubble.png</RemoteName>
                        <Overwrite>true</Overwrite>
                    </Platform>
                    <Platform Name="Android64">
                        <RemoteDir>assets\internal\</RemoteDir>
                        <RemoteName>chat-bubble.png</RemoteName>
                        <Overwrite>true</Overwrite>
                    </Platform>
                </DeployFile>
                <DeployFile LocalName="..\..\..\Assets\check.json" Configuration="Debug" Class="File">
                    <Platform Name="Android">
                        <RemoteDir>assets\internal\</RemoteDir>
                        <RemoteName>check.json</RemoteName>
                        <Overwrite>true</Overwrite>
                    </Platform>
                    <Platform Name="Android64">
                        <RemoteDir>assets\internal\</RemoteDir>
                        <RemoteName>check.json</RemoteName>
                        <Overwrite>true</Overwrite>
                    </Platform>
                </DeployFile>
                <DeployFile LocalName="..\..\..\Assets\check.json" Configuration="Release" Class="File">
                    <Platform Name="Android">
                        <RemoteDir>assets\internal\</RemoteDir>
                        <RemoteName>check.json</RemoteName>
                        <Overwrite>true</Overwrite>
                    </Platform>
                    <Platform Name="Android64">
                        <RemoteDir>assets\internal\</RemoteDir>
                        <RemoteName>check.json</RemoteName>
                        <Overwrite>true</Overwrite>
                    </Platform>
                </DeployFile>
                <DeployFile LocalName="..\..\..\Assets\deck-card-back.webp" Configuration="Debug" Class="File">
                    <Platform Name="Android">
                        <RemoteDir>assets\internal\</RemoteDir>
                        <RemoteName>deck-card-back.webp</RemoteName>
                        <Overwrite>true</Overwrite>
                    </Platform>
                    <Platform Name="Android64">
                        <RemoteDir>assets\internal\</RemoteDir>
                        <RemoteName>deck-card-back.webp</RemoteName>
                        <Overwrite>true</Overwrite>
                    </Platform>
                </DeployFile>
                <DeployFile LocalName="..\..\..\Assets\deck-card-back.webp" Configuration="Release" Class="File">
                    <Platform Name="Android">
                        <RemoteDir>assets\internal\</RemoteDir>
                        <RemoteName>deck-card-back.webp</RemoteName>
                        <Overwrite>true</Overwrite>
                    </Platform>
                    <Platform Name="Android64">
                        <RemoteDir>assets\internal\</RemoteDir>
                        <RemoteName>deck-card-back.webp</RemoteName>
                        <Overwrite>true</Overwrite>
                    </Platform>
                </DeployFile>
                <DeployFile LocalName="..\..\..\Assets\deck-card-front.webp" Configuration="Debug" Class="File">
                    <Platform Name="Android">
                        <RemoteDir>assets\internal\</RemoteDir>
                        <RemoteName>deck-card-front.webp</RemoteName>
                        <Overwrite>true</Overwrite>
                    </Platform>
                    <Platform Name="Android64">
                        <RemoteDir>assets\internal\</RemoteDir>
                        <RemoteName>deck-card-front.webp</RemoteName>
                        <Overwrite>true</Overwrite>
                    </Platform>
                </DeployFile>
                <DeployFile LocalName="..\..\..\Assets\deck-card-front.webp" Configuration="Release" Class="File">
                    <Platform Name="Android">
                        <RemoteDir>assets\internal\</RemoteDir>
                        <RemoteName>deck-card-front.webp</RemoteName>
                        <Overwrite>true</Overwrite>
                    </Platform>
                    <Platform Name="Android64">
                        <RemoteDir>assets\internal\</RemoteDir>
                        <RemoteName>deck-card-front.webp</RemoteName>
                        <Overwrite>true</Overwrite>
                    </Platform>
                </DeployFile>
                <DeployFile LocalName="..\..\..\Assets\delphi.svg" Configuration="Debug" Class="File">
                    <Platform Name="Android">
                        <RemoteDir>assets\internal\</RemoteDir>
                        <RemoteName>delphi.svg</RemoteName>
                        <Overwrite>true</Overwrite>
                    </Platform>
                    <Platform Name="Android64">
                        <RemoteDir>assets\internal\</RemoteDir>
                        <RemoteName>delphi.svg</RemoteName>
                        <Overwrite>true</Overwrite>
                    </Platform>
                </DeployFile>
                <DeployFile LocalName="..\..\..\Assets\delphi.svg" Configuration="Release" Class="File">
                    <Platform Name="Android">
                        <RemoteDir>assets\internal\</RemoteDir>
                        <RemoteName>delphi.svg</RemoteName>
                        <Overwrite>true</Overwrite>
                    </Platform>
                    <Platform Name="Android64">
                        <RemoteDir>assets\internal\</RemoteDir>
                        <RemoteName>delphi.svg</RemoteName>
                        <Overwrite>true</Overwrite>
                    </Platform>
                </DeployFile>
                <DeployFile LocalName="..\..\..\Assets\panda.svg" Configuration="Debug" Class="File">
                    <Platform Name="Android">
                        <RemoteDir>assets\internal\</RemoteDir>
                        <RemoteName>panda.svg</RemoteName>
                        <Overwrite>true</Overwrite>
                    </Platform>
                    <Platform Name="Android64">
                        <RemoteDir>assets\internal\</RemoteDir>
                        <RemoteName>panda.svg</RemoteName>
                        <Overwrite>true</Overwrite>
                    </Platform>
                </DeployFile>
                <DeployFile LocalName="..\..\..\Assets\panda.svg" Configuration="Release" Class="File">
                    <Platform Name="Android">
                        <RemoteDir>assets\internal\</RemoteDir>
                        <RemoteName>panda.svg</RemoteName>
                        <Overwrite>true</Overwrite>
                    </Platform>
                    <Platform Name="Android64">
                        <RemoteDir>assets\internal\</RemoteDir>
                        <RemoteName>panda.svg</RemoteName>
                        <Overwrite>true</Overwrite>
                    </Platform>
                </DeployFile>
                <DeployFile LocalName="..\..\..\Assets\golden-pheasant.png" Configuration="Debug" Class="File">
                    <Platform Name="Android">
                        <RemoteDir>assets\internal\</RemoteDir>
                        <RemoteName>golden-pheasant.png</RemoteName>
                        <Overwrite>true</Overwrite>
                    </Platform>
                    <Platform Name="Android64">
                        <RemoteDir>assets\internal\</RemoteDir>
                        <RemoteName>golden-pheasant.png</RemoteName>
                        <Overwrite>true</Overwrite>
                    </Platform>
                </DeployFile>
                <DeployFile LocalName="..\..\..\Assets\golden-pheasant.png" Configuration="Release" Class="File">
                    <Platform Name="Android">
                        <RemoteDir>assets\internal\</RemoteDir>
                        <RemoteName>golden-pheasant.png</RemoteName>
                        <Overwrite>true</Overwrite>
                    </Platform>
                    <Platform Name="Android64">
                        <RemoteDir>assets\internal\</RemoteDir>
                        <RemoteName>golden-pheasant.png</RemoteName>
                        <Overwrite>true</Overwrite>
                    </Platform>
                </DeployFile>
                <DeployFile LocalName="..\..\..\Assets\golden-pheasant.webp" Configuration="Debug" Class="File">
                    <Platform Name="Android">
                        <RemoteDir>assets\internal\</RemoteDir>
                        <RemoteName>golden-pheasant.webp</RemoteName>
                        <Overwrite>true</Overwrite>
                    </Platform>
                    <Platform Name="Android64">
                        <RemoteDir>assets\internal\</RemoteDir>
                        <RemoteName>golden-pheasant.webp</RemoteName>
                        <Overwrite>true</Overwrite>
                    </Platform>
                </DeployFile>
                <DeployFile LocalName="..\..\..\Assets\golden-pheasant.webp" Configuration="Release" Class="File">
                    <Platform Name="Android">
                        <RemoteDir>assets\internal\</RemoteDir>
                        <RemoteName>golden-pheasant.webp</RemoteName>
                        <Overwrite>true</Overwrite>
                    </Platform>
                    <Platform Name="Android64">
                        <RemoteDir>assets\internal\</RemoteDir>
                        <RemoteName>golden-pheasant.webp</RemoteName>
                        <Overwrite>true</Overwrite>
                    </Platform>
                </DeployFile>
                <DeployFile LocalName="..\..\..\Assets\knight.svg" Configuration="Debug" Class="File">
                    <Platform Name="Android">
                        <RemoteDir>assets\internal\</RemoteDir>
                        <RemoteName>knight.svg</RemoteName>
                        <Overwrite>true</Overwrite>
                    </Platform>
                    <Platform Name="Android64">
                        <RemoteDir>assets\internal\</RemoteDir>
                        <RemoteName>knight.svg</RemoteName>
                        <Overwrite>true</Overwrite>
                    </Platform>
                </DeployFile>
                <DeployFile LocalName="..\..\..\Assets\knight.svg" Configuration="Release" Class="File">
                    <Platform Name="Android">
                        <RemoteDir>assets\internal\</RemoteDir>
                        <RemoteName>knight.svg</RemoteName>
                        <Overwrite>true</Overwrite>
                    </Platform>
                    <Platform Name="Android64">
                        <RemoteDir>assets\internal\</RemoteDir>
                        <RemoteName>knight.svg</RemoteName>
                        <Overwrite>true</Overwrite>
                    </Platform>
                </DeployFile>
                <DeployFile LocalName="..\..\..\Assets\loading1.json" Configuration="Debug" Class="File">
                    <Platform Name="Android">
                        <RemoteDir>assets\internal\</RemoteDir>
                        <RemoteName>loading1.json</RemoteName>
                        <Overwrite>true</Overwrite>
                    </Platform>
                    <Platform Name="Android64">
                        <RemoteDir>assets\internal\</RemoteDir>
                        <RemoteName>loading1.json</RemoteName>
                        <Overwrite>true</Overwrite>
                    </Platform>
                </DeployFile>
                <DeployFile LocalName="..\..\..\Assets\loading1.json" Configuration="Release" Class="File">
                    <Platform Name="Android">
                        <RemoteDir>assets\internal\</RemoteDir>
                        <RemoteName>loading1.json</RemoteName>
                        <Overwrite>true</Overwrite>
                    </Platform>
                    <Platform Name="Android64">
                        <RemoteDir>assets\internal\</RemoteDir>
                        <RemoteName>loading1.json</RemoteName>
                        <Overwrite>true</Overwrite>
                    </Platform>
                </DeployFile>
                <DeployFile LocalName="..\..\..\Assets\loading2.json" Configuration="Debug" Class="File">
                    <Platform Name="Android">
                        <RemoteDir>assets\internal\</RemoteDir>
                        <RemoteName>loading2.json</RemoteName>
                        <Overwrite>true</Overwrite>
                    </Platform>
                    <Platform Name="Android64">
                        <RemoteDir>assets\internal\</RemoteDir>
                        <RemoteName>loading2.json</RemoteName>
                        <Overwrite>true</Overwrite>
                    </Platform>
                </DeployFile>
                <DeployFile LocalName="..\..\..\Assets\loading2.json" Configuration="Release" Class="File">
                    <Platform Name="Android">
                        <RemoteDir>assets\internal\</RemoteDir>
                        <RemoteName>loading2.json</RemoteName>
                        <Overwrite>true</Overwrite>
                    </Platform>
                    <Platform Name="Android64">
                        <RemoteDir>assets\internal\</RemoteDir>
                        <RemoteName>loading2.json</RemoteName>
                        <Overwrite>true</Overwrite>
                    </Platform>
                </DeployFile>
                <DeployFile LocalName="..\..\..\Assets\loading3.json" Configuration="Debug" Class="File">
                    <Platform Name="Android">
                        <RemoteDir>assets\internal\</RemoteDir>
                        <RemoteName>loading3.json</RemoteName>
                        <Overwrite>true</Overwrite>
                    </Platform>
                    <Platform Name="Android64">
                        <RemoteDir>assets\internal\</RemoteDir>
                        <RemoteName>loading3.json</RemoteName>
                        <Overwrite>true</Overwrite>
                    </Platform>
                </DeployFile>
                <DeployFile LocalName="..\..\..\Assets\loading3.json" Configuration="Release" Class="File">
                    <Platform Name="Android">
                        <RemoteDir>assets\internal\</RemoteDir>
                        <RemoteName>loading3.json</RemoteName>
                        <Overwrite>true</Overwrite>
                    </Platform>
                    <Platform Name="Android64">
                        <RemoteDir>assets\internal\</RemoteDir>
                        <RemoteName>loading3.json</RemoteName>
                        <Overwrite>true</Overwrite>
                    </Platform>
                </DeployFile>
                <DeployFile LocalName="..\..\..\Assets\loading4.json" Configuration="Debug" Class="File">
                    <Platform Name="Android">
                        <RemoteDir>assets\internal\</RemoteDir>
                        <RemoteName>loading4.json</RemoteName>
                        <Overwrite>true</Overwrite>
                    </Platform>
                    <Platform Name="Android64">
                        <RemoteDir>assets\internal\</RemoteDir>
                        <RemoteName>loading4.json</RemoteName>
                        <Overwrite>true</Overwrite>
                    </Platform>
                </DeployFile>
                <DeployFile LocalName="..\..\..\Assets\loading4.json" Configuration="Release" Class="File">
                    <Platform Name="Android">
                        <RemoteDir>assets\internal\</RemoteDir>
                        <RemoteName>loading4.json</RemoteName>
                        <Overwrite>true</Overwrite>
                    </Platform>
                    <Platform Name="Android64">
                        <RemoteDir>assets\internal\</RemoteDir>
                        <RemoteName>loading4.json</RemoteName>
                        <Overwrite>true</Overwrite>
                    </Platform>
                </DeployFile>
                <DeployFile LocalName="..\..\..\Assets\loading5.json" Configuration="Debug" Class="File">
                    <Platform Name="Android">
                        <RemoteDir>assets\internal\</RemoteDir>
                        <RemoteName>loading5.json</RemoteName>
                        <Overwrite>true</Overwrite>
                    </Platform>
                    <Platform Name="Android64">
                        <RemoteDir>assets\internal\</RemoteDir>
                        <RemoteName>loading5.json</RemoteName>
                        <Overwrite>true</Overwrite>
                    </Platform>
                </DeployFile>
                <DeployFile LocalName="..\..\..\Assets\loading5.json" Configuration="Release" Class="File">
                    <Platform Name="Android">
                        <RemoteDir>assets\internal\</RemoteDir>
                        <RemoteName>loading5.json</RemoteName>
                        <Overwrite>true</Overwrite>
                    </Platform>
                    <Platform Name="Android64">
                        <RemoteDir>assets\internal\</RemoteDir>
                        <RemoteName>loading5.json</RemoteName>
                        <Overwrite>true</Overwrite>
                    </Platform>
                </DeployFile>
                <DeployFile LocalName="..\..\..\Assets\loading6.json" Configuration="Debug" Class="File">
                    <Platform Name="Android">
                        <RemoteDir>assets\internal\</RemoteDir>
                        <RemoteName>loading6.json</RemoteName>
                        <Overwrite>true</Overwrite>
                    </Platform>
                    <Platform Name="Android64">
                        <RemoteDir>assets\internal\</RemoteDir>
                        <RemoteName>loading6.json</RemoteName>
                        <Overwrite>true</Overwrite>
                    </Platform>
                </DeployFile>
                <DeployFile LocalName="..\..\..\Assets\loading6.json" Configuration="Release" Class="File">
                    <Platform Name="Android">
                        <RemoteDir>assets\internal\</RemoteDir>
                        <RemoteName>loading6.json</RemoteName>
                        <Overwrite>true</Overwrite>
                    </Platform>
                    <Platform Name="Android64">
                        <RemoteDir>assets\internal\</RemoteDir>
                        <RemoteName>loading6.json</RemoteName>
                        <Overwrite>true</Overwrite>
                    </Platform>
                </DeployFile>
                <DeployFile LocalName="..\..\..\Assets\lorem-ipsum.txt" Configuration="Debug" Class="File">
                    <Platform Name="Android">
                        <RemoteDir>assets\internal\</RemoteDir>
                        <RemoteName>lorem-ipsum.txt</RemoteName>
                        <Overwrite>true</Overwrite>
                    </Platform>
                    <Platform Name="Android64">
                        <RemoteDir>assets\internal\</RemoteDir>
                        <RemoteName>lorem-ipsum.txt</RemoteName>
                        <Overwrite>true</Overwrite>
                    </Platform>
                </DeployFile>
                <DeployFile LocalName="..\..\..\Assets\lorem-ipsum.txt" Configuration="Release" Class="File">
                    <Platform Name="Android">
                        <RemoteDir>assets\internal\</RemoteDir>
                        <RemoteName>lorem-ipsum.txt</RemoteName>
                        <Overwrite>true</Overwrite>
                    </Platform>
                    <Platform Name="Android64">
                        <RemoteDir>assets\internal\</RemoteDir>
                        <RemoteName>lorem-ipsum.txt</RemoteName>
                        <Overwrite>true</Overwrite>
                    </Platform>
                </DeployFile>
                <DeployFile LocalName="..\..\..\Assets\nunito-extrabold.ttf" Configuration="Debug" Class="File">
                    <Platform Name="Android">
                        <RemoteDir>assets\internal\</RemoteDir>
                        <RemoteName>nunito-extrabold.ttf</RemoteName>
                        <Overwrite>true</Overwrite>
                    </Platform>
                    <Platform Name="Android64">
                        <RemoteDir>assets\internal\</RemoteDir>
                        <RemoteName>nunito-extrabold.ttf</RemoteName>
                        <Overwrite>true</Overwrite>
                    </Platform>
                </DeployFile>
                <DeployFile LocalName="..\..\..\Assets\nunito-extrabold.ttf" Configuration="Release" Class="File">
                    <Platform Name="Android">
                        <RemoteDir>assets\internal\</RemoteDir>
                        <RemoteName>nunito-extrabold.ttf</RemoteName>
                        <Overwrite>true</Overwrite>
                    </Platform>
                    <Platform Name="Android64">
                        <RemoteDir>assets\internal\</RemoteDir>
                        <RemoteName>nunito-extrabold.ttf</RemoteName>
                        <Overwrite>true</Overwrite>
                    </Platform>
                </DeployFile>
                <DeployFile LocalName="..\..\..\Assets\persian-lorem-ipsum.txt" Configuration="Debug" Class="File">
                    <Platform Name="Android">
                        <RemoteDir>assets\internal\</RemoteDir>
                        <RemoteName>persian-lorem-ipsum.txt</RemoteName>
                        <Overwrite>true</Overwrite>
                    </Platform>
                    <Platform Name="Android64">
                        <RemoteDir>assets\internal\</RemoteDir>
                        <RemoteName>persian-lorem-ipsum.txt</RemoteName>
                        <Overwrite>true</Overwrite>
                    </Platform>
                </DeployFile>
                <DeployFile LocalName="..\..\..\Assets\persian-lorem-ipsum.txt" Configuration="Release" Class="File">
                    <Platform Name="Android">
                        <RemoteDir>assets\internal\</RemoteDir>
                        <RemoteName>persian-lorem-ipsum.txt</RemoteName>
                        <Overwrite>true</Overwrite>
                    </Platform>
                    <Platform Name="Android64">
                        <RemoteDir>assets\internal\</RemoteDir>
                        <RemoteName>persian-lorem-ipsum.txt</RemoteName>
                        <Overwrite>true</Overwrite>
                    </Platform>
                </DeployFile>
                <DeployFile LocalName="..\..\..\Assets\photo.webp" Configuration="Debug" Class="File">
                    <Platform Name="Android">
                        <RemoteDir>assets\internal\</RemoteDir>
                        <RemoteName>photo.webp</RemoteName>
                        <Overwrite>true</Overwrite>
                    </Platform>
                    <Platform Name="Android64">
                        <RemoteDir>assets\internal\</RemoteDir>
                        <RemoteName>photo.webp</RemoteName>
                        <Overwrite>true</Overwrite>
                    </Platform>
                </DeployFile>
                <DeployFile LocalName="..\..\..\Assets\photo.webp" Configuration="Release" Class="File">
                    <Platform Name="Android">
                        <RemoteDir>assets\internal\</RemoteDir>
                        <RemoteName>photo.webp</RemoteName>
                        <Overwrite>true</Overwrite>
                    </Platform>
                    <Platform Name="Android64">
                        <RemoteDir>assets\internal\</RemoteDir>
                        <RemoteName>photo.webp</RemoteName>
                        <Overwrite>true</Overwrite>
                    </Platform>
                </DeployFile>
                <DeployFile LocalName="..\..\..\Assets\rocket.json" Configuration="Debug" Class="File">
                    <Platform Name="Android">
                        <RemoteDir>assets\internal\</RemoteDir>
                        <RemoteName>rocket.json</RemoteName>
                        <Overwrite>true</Overwrite>
                    </Platform>
                    <Platform Name="Android64">
                        <RemoteDir>assets\internal\</RemoteDir>
                        <RemoteName>rocket.json</RemoteName>
                        <Overwrite>true</Overwrite>
                    </Platform>
                </DeployFile>
                <DeployFile LocalName="..\..\..\Assets\rocket.json" Configuration="Release" Class="File">
                    <Platform Name="Android">
                        <RemoteDir>assets\internal\</RemoteDir>
                        <RemoteName>rocket.json</RemoteName>
                        <Overwrite>true</Overwrite>
                    </Platform>
                    <Platform Name="Android64">
                        <RemoteDir>assets\internal\</RemoteDir>
                        <RemoteName>rocket.json</RemoteName>
                        <Overwrite>true</Overwrite>
                    </Platform>
                </DeployFile>
                <DeployFile LocalName="..\..\..\Assets\rocket.webp" Configuration="Debug" Class="File">
                    <Platform Name="Android">
                        <RemoteDir>assets\internal\</RemoteDir>
                        <RemoteName>rocket.webp</RemoteName>
                        <Overwrite>true</Overwrite>
                    </Platform>
                    <Platform Name="Android64">
                        <RemoteDir>assets\internal\</RemoteDir>
                        <RemoteName>rocket.webp</RemoteName>
                        <Overwrite>true</Overwrite>
                    </Platform>
                </DeployFile>
                <DeployFile LocalName="..\..\..\Assets\rocket.webp" Configuration="Release" Class="File">
                    <Platform Name="Android">
                        <RemoteDir>assets\internal\</RemoteDir>
                        <RemoteName>rocket.webp</RemoteName>
                        <Overwrite>true</Overwrite>
                    </Platform>
                    <Platform Name="Android64">
                        <RemoteDir>assets\internal\</RemoteDir>
                        <RemoteName>rocket.webp</RemoteName>
                        <Overwrite>true</Overwrite>
                    </Platform>
                </DeployFile>
                <DeployFile LocalName="..\..\..\Assets\prehistoric.webp" Configuration="Debug" Class="File">
                    <Platform Name="Android">
                        <RemoteDir>assets\internal\</RemoteDir>
                        <RemoteName>prehistoric.webp</RemoteName>
                        <Overwrite>true</Overwrite>
                    </Platform>
                    <Platform Name="Android64">
                        <RemoteDir>assets\internal\</RemoteDir>
                        <RemoteName>prehistoric.webp</RemoteName>
                        <Overwrite>true</Overwrite>
                    </Platform>
                </DeployFile>
                <DeployFile LocalName="..\..\..\Assets\prehistoric.webp" Configuration="Release" Class="File">
                    <Platform Name="Android">
                        <RemoteDir>assets\internal\</RemoteDir>
                        <RemoteName>prehistoric.webp</RemoteName>
                        <Overwrite>true</Overwrite>
                    </Platform>
                    <Platform Name="Android64">
                        <RemoteDir>assets\internal\</RemoteDir>
                        <RemoteName>prehistoric.webp</RemoteName>
                        <Overwrite>true</Overwrite>
                    </Platform>
                </DeployFile>
                <DeployFile LocalName="..\..\..\Assets\telegram-sticker.tgs" Configuration="Debug" Class="File">
                    <Platform Name="Android">
                        <RemoteDir>assets\internal\</RemoteDir>
                        <RemoteName>telegram-sticker.tgs</RemoteName>
                        <Overwrite>true</Overwrite>
                    </Platform>
                    <Platform Name="Android64">
                        <RemoteDir>assets\internal\</RemoteDir>
                        <RemoteName>telegram-sticker.tgs</RemoteName>
                        <Overwrite>true</Overwrite>
                    </Platform>
                </DeployFile>
                <DeployFile LocalName="..\..\..\Assets\telegram-sticker.tgs" Configuration="Release" Class="File">
                    <Platform Name="Android">
                        <RemoteDir>assets\internal\</RemoteDir>
                        <RemoteName>telegram-sticker.tgs</RemoteName>
                        <Overwrite>true</Overwrite>
                    </Platform>
                    <Platform Name="Android64">
                        <RemoteDir>assets\internal\</RemoteDir>
                        <RemoteName>telegram-sticker.tgs</RemoteName>
                        <Overwrite>true</Overwrite>
                    </Platform>
                </DeployFile>
                <DeployFile LocalName="..\..\..\Assets\bat.svg" Configuration="Debug" Class="File">
                    <Platform Name="Android">
                        <RemoteDir>assets\internal\</RemoteDir>
                        <RemoteName>bat.svg</RemoteName>
                        <Overwrite>true</Overwrite>
                    </Platform>
                    <Platform Name="Android64">
                        <RemoteDir>assets\internal\</RemoteDir>
                        <RemoteName>bat.svg</RemoteName>
                        <Overwrite>true</Overwrite>
                    </Platform>
                </DeployFile>
                <DeployFile LocalName="..\..\..\Assets\bat.svg" Configuration="Release" Class="File">
                    <Platform Name="Android">
                        <RemoteDir>assets\internal\</RemoteDir>
                        <RemoteName>bat.svg</RemoteName>
                        <Overwrite>true</Overwrite>
                    </Platform>
                    <Platform Name="Android64">
                        <RemoteDir>assets\internal\</RemoteDir>
                        <RemoteName>bat.svg</RemoteName>
                        <Overwrite>true</Overwrite>
                    </Platform>
                </DeployFile>
                <DeployFile LocalName="..\..\..\Assets\wolf.webp" Configuration="Debug" Class="File">
                    <Platform Name="Android">
                        <RemoteDir>assets\internal\</RemoteDir>
                        <RemoteName>wolf.webp</RemoteName>
                        <Overwrite>true</Overwrite>
                    </Platform>
                    <Platform Name="Android64">
                        <RemoteDir>assets\internal\</RemoteDir>
                        <RemoteName>wolf.webp</RemoteName>
                        <Overwrite>true</Overwrite>
                    </Platform>
                </DeployFile>
                <DeployFile LocalName="..\..\..\Assets\wolf.webp" Configuration="Release" Class="File">
                    <Platform Name="Android">
                        <RemoteDir>assets\internal\</RemoteDir>
                        <RemoteName>wolf.webp</RemoteName>
                        <Overwrite>true</Overwrite>
                    </Platform>
                    <Platform Name="Android64">
                        <RemoteDir>assets\internal\</RemoteDir>
                        <RemoteName>wolf.webp</RemoteName>
                        <Overwrite>true</Overwrite>
                    </Platform>
                </DeployFile>
                <DeployFile LocalName="..\..\Binary\Win32\Release\Skia4Delphi.exe" Configuration="Release" Class="ProjectOutput">
                    <Platform Name="Win32">
                        <RemoteName>Skia4Delphi.exe</RemoteName>
                        <Overwrite>true</Overwrite>
                    </Platform>
                </DeployFile>
                <DeployFile LocalName="Win32\Debug\Skia4Delphi.exe" Configuration="Debug" Class="ProjectOutput">
                    <Platform Name="Win32">
                        <RemoteName>Skia4Delphi.exe</RemoteName>
                        <Overwrite>true</Overwrite>
                    </Platform>
                </DeployFile>
                <DeployClass Name="AdditionalDebugSymbols">
                    <Platform Name="Win32">
                        <Operation>0</Operation>
                    </Platform>
                </DeployClass>
                <DeployClass Name="AndroidClassesDexFile">
                    <Platform Name="Android">
                        <RemoteDir>classes</RemoteDir>
                        <Operation>1</Operation>
                    </Platform>
                    <Platform Name="Android64">
                        <RemoteDir>classes</RemoteDir>
                        <Operation>1</Operation>
                    </Platform>
                </DeployClass>
                <DeployClass Name="AndroidFileProvider">
                    <Platform Name="Android">
                        <RemoteDir>res\xml</RemoteDir>
                        <Operation>1</Operation>
                    </Platform>
                    <Platform Name="Android64">
                        <RemoteDir>res\xml</RemoteDir>
                        <Operation>1</Operation>
                    </Platform>
                </DeployClass>
                <DeployClass Name="AndroidGDBServer">
                    <Platform Name="Android">
                        <RemoteDir>library\lib\armeabi-v7a</RemoteDir>
                        <Operation>1</Operation>
                    </Platform>
                </DeployClass>
                <DeployClass Name="AndroidLibnativeArmeabiFile">
                    <Platform Name="Android">
                        <RemoteDir>library\lib\armeabi</RemoteDir>
                        <Operation>1</Operation>
                    </Platform>
                    <Platform Name="Android64">
                        <RemoteDir>library\lib\armeabi</RemoteDir>
                        <Operation>1</Operation>
                    </Platform>
                </DeployClass>
                <DeployClass Name="AndroidLibnativeArmeabiv7aFile">
                    <Platform Name="Android64">
                        <RemoteDir>library\lib\armeabi-v7a</RemoteDir>
                        <Operation>1</Operation>
                    </Platform>
                </DeployClass>
                <DeployClass Name="AndroidLibnativeMipsFile">
                    <Platform Name="Android">
                        <RemoteDir>library\lib\mips</RemoteDir>
                        <Operation>1</Operation>
                    </Platform>
                    <Platform Name="Android64">
                        <RemoteDir>library\lib\mips</RemoteDir>
                        <Operation>1</Operation>
                    </Platform>
                </DeployClass>
                <DeployClass Name="AndroidServiceOutput">
                    <Platform Name="Android">
                        <RemoteDir>library\lib\armeabi-v7a</RemoteDir>
                        <Operation>1</Operation>
                    </Platform>
                    <Platform Name="Android64">
                        <RemoteDir>library\lib\arm64-v8a</RemoteDir>
                        <Operation>1</Operation>
                    </Platform>
                </DeployClass>
                <DeployClass Name="AndroidServiceOutput_Android32">
                    <Platform Name="Android64">
                        <RemoteDir>library\lib\armeabi-v7a</RemoteDir>
                        <Operation>1</Operation>
                    </Platform>
                </DeployClass>
                <DeployClass Name="AndroidSplashImageDef">
                    <Platform Name="Android">
                        <RemoteDir>res\drawable</RemoteDir>
                        <Operation>1</Operation>
                    </Platform>
                    <Platform Name="Android64">
                        <RemoteDir>res\drawable</RemoteDir>
                        <Operation>1</Operation>
                    </Platform>
                </DeployClass>
                <DeployClass Name="AndroidSplashStyles">
                    <Platform Name="Android">
                        <RemoteDir>res\values</RemoteDir>
                        <Operation>1</Operation>
                    </Platform>
                    <Platform Name="Android64">
                        <RemoteDir>res\values</RemoteDir>
                        <Operation>1</Operation>
                    </Platform>
                </DeployClass>
                <DeployClass Name="AndroidSplashStylesV21">
                    <Platform Name="Android">
                        <RemoteDir>res\values-v21</RemoteDir>
                        <Operation>1</Operation>
                    </Platform>
                    <Platform Name="Android64">
                        <RemoteDir>res\values-v21</RemoteDir>
                        <Operation>1</Operation>
                    </Platform>
                </DeployClass>
                <DeployClass Name="Android_Colors">
                    <Platform Name="Android">
                        <RemoteDir>res\values</RemoteDir>
                        <Operation>1</Operation>
                    </Platform>
                    <Platform Name="Android64">
                        <RemoteDir>res\values</RemoteDir>
                        <Operation>1</Operation>
                    </Platform>
                </DeployClass>
                <DeployClass Name="Android_DefaultAppIcon">
                    <Platform Name="Android">
                        <RemoteDir>res\drawable</RemoteDir>
                        <Operation>1</Operation>
                    </Platform>
                    <Platform Name="Android64">
                        <RemoteDir>res\drawable</RemoteDir>
                        <Operation>1</Operation>
                    </Platform>
                </DeployClass>
                <DeployClass Name="Android_LauncherIcon144">
                    <Platform Name="Android">
                        <RemoteDir>res\drawable-xxhdpi</RemoteDir>
                        <Operation>1</Operation>
                    </Platform>
                    <Platform Name="Android64">
                        <RemoteDir>res\drawable-xxhdpi</RemoteDir>
                        <Operation>1</Operation>
                    </Platform>
                </DeployClass>
                <DeployClass Name="Android_LauncherIcon36">
                    <Platform Name="Android">
                        <RemoteDir>res\drawable-ldpi</RemoteDir>
                        <Operation>1</Operation>
                    </Platform>
                    <Platform Name="Android64">
                        <RemoteDir>res\drawable-ldpi</RemoteDir>
                        <Operation>1</Operation>
                    </Platform>
                </DeployClass>
                <DeployClass Name="Android_LauncherIcon48">
                    <Platform Name="Android">
                        <RemoteDir>res\drawable-mdpi</RemoteDir>
                        <Operation>1</Operation>
                    </Platform>
                    <Platform Name="Android64">
                        <RemoteDir>res\drawable-mdpi</RemoteDir>
                        <Operation>1</Operation>
                    </Platform>
                </DeployClass>
                <DeployClass Name="Android_LauncherIcon72">
                    <Platform Name="Android">
                        <RemoteDir>res\drawable-hdpi</RemoteDir>
                        <Operation>1</Operation>
                    </Platform>
                    <Platform Name="Android64">
                        <RemoteDir>res\drawable-hdpi</RemoteDir>
                        <Operation>1</Operation>
                    </Platform>
                </DeployClass>
                <DeployClass Name="Android_LauncherIcon96">
                    <Platform Name="Android">
                        <RemoteDir>res\drawable-xhdpi</RemoteDir>
                        <Operation>1</Operation>
                    </Platform>
                    <Platform Name="Android64">
                        <RemoteDir>res\drawable-xhdpi</RemoteDir>
                        <Operation>1</Operation>
                    </Platform>
                </DeployClass>
                <DeployClass Name="Android_NotificationIcon24">
                    <Platform Name="Android">
                        <RemoteDir>res\drawable-mdpi</RemoteDir>
                        <Operation>1</Operation>
                    </Platform>
                    <Platform Name="Android64">
                        <RemoteDir>res\drawable-mdpi</RemoteDir>
                        <Operation>1</Operation>
                    </Platform>
                </DeployClass>
                <DeployClass Name="Android_NotificationIcon36">
                    <Platform Name="Android">
                        <RemoteDir>res\drawable-hdpi</RemoteDir>
                        <Operation>1</Operation>
                    </Platform>
                    <Platform Name="Android64">
                        <RemoteDir>res\drawable-hdpi</RemoteDir>
                        <Operation>1</Operation>
                    </Platform>
                </DeployClass>
                <DeployClass Name="Android_NotificationIcon48">
                    <Platform Name="Android">
                        <RemoteDir>res\drawable-xhdpi</RemoteDir>
                        <Operation>1</Operation>
                    </Platform>
                    <Platform Name="Android64">
                        <RemoteDir>res\drawable-xhdpi</RemoteDir>
                        <Operation>1</Operation>
                    </Platform>
                </DeployClass>
                <DeployClass Name="Android_NotificationIcon72">
                    <Platform Name="Android">
                        <RemoteDir>res\drawable-xxhdpi</RemoteDir>
                        <Operation>1</Operation>
                    </Platform>
                    <Platform Name="Android64">
                        <RemoteDir>res\drawable-xxhdpi</RemoteDir>
                        <Operation>1</Operation>
                    </Platform>
                </DeployClass>
                <DeployClass Name="Android_NotificationIcon96">
                    <Platform Name="Android">
                        <RemoteDir>res\drawable-xxxhdpi</RemoteDir>
                        <Operation>1</Operation>
                    </Platform>
                    <Platform Name="Android64">
                        <RemoteDir>res\drawable-xxxhdpi</RemoteDir>
                        <Operation>1</Operation>
                    </Platform>
                </DeployClass>
                <DeployClass Name="Android_SplashImage426">
                    <Platform Name="Android">
                        <RemoteDir>res\drawable-small</RemoteDir>
                        <Operation>1</Operation>
                    </Platform>
                    <Platform Name="Android64">
                        <RemoteDir>res\drawable-small</RemoteDir>
                        <Operation>1</Operation>
                    </Platform>
                </DeployClass>
                <DeployClass Name="Android_SplashImage470">
                    <Platform Name="Android">
                        <RemoteDir>res\drawable-normal</RemoteDir>
                        <Operation>1</Operation>
                    </Platform>
                    <Platform Name="Android64">
                        <RemoteDir>res\drawable-normal</RemoteDir>
                        <Operation>1</Operation>
                    </Platform>
                </DeployClass>
                <DeployClass Name="Android_SplashImage640">
                    <Platform Name="Android">
                        <RemoteDir>res\drawable-large</RemoteDir>
                        <Operation>1</Operation>
                    </Platform>
                    <Platform Name="Android64">
                        <RemoteDir>res\drawable-large</RemoteDir>
                        <Operation>1</Operation>
                    </Platform>
                </DeployClass>
                <DeployClass Name="Android_SplashImage960">
                    <Platform Name="Android">
                        <RemoteDir>res\drawable-xlarge</RemoteDir>
                        <Operation>1</Operation>
                    </Platform>
                    <Platform Name="Android64">
                        <RemoteDir>res\drawable-xlarge</RemoteDir>
                        <Operation>1</Operation>
                    </Platform>
                </DeployClass>
                <DeployClass Name="Android_Strings">
                    <Platform Name="Android">
                        <RemoteDir>res\values</RemoteDir>
                        <Operation>1</Operation>
                    </Platform>
                    <Platform Name="Android64">
                        <RemoteDir>res\values</RemoteDir>
                        <Operation>1</Operation>
                    </Platform>
                </DeployClass>
                <DeployClass Name="DebugSymbols">
                    <Platform Name="Win32">
                        <Operation>0</Operation>
                    </Platform>
                </DeployClass>
                <DeployClass Name="DependencyFramework">
                    <Platform Name="Win32">
                        <Operation>0</Operation>
                    </Platform>
                </DeployClass>
                <DeployClass Name="DependencyModule">
                    <Platform Name="Win32">
                        <Operation>0</Operation>
                        <Extensions>.dll;.bpl</Extensions>
                    </Platform>
                </DeployClass>
                <DeployClass Required="true" Name="DependencyPackage">
                    <Platform Name="Win32">
                        <Operation>0</Operation>
                        <Extensions>.bpl</Extensions>
                    </Platform>
                </DeployClass>
                <DeployClass Name="File">
                    <Platform Name="Android">
                        <Operation>0</Operation>
                    </Platform>
                    <Platform Name="Android64">
                        <Operation>0</Operation>
                    </Platform>
                    <Platform Name="Win32">
                        <Operation>0</Operation>
                    </Platform>
                </DeployClass>
                <DeployClass Name="ProjectAndroidManifest">
                    <Platform Name="Android">
                        <Operation>1</Operation>
                    </Platform>
                    <Platform Name="Android64">
                        <Operation>1</Operation>
                    </Platform>
                </DeployClass>
                <DeployClass Required="true" Name="ProjectOutput">
                    <Platform Name="Android">
                        <RemoteDir>library\lib\armeabi-v7a</RemoteDir>
                        <Operation>1</Operation>
                    </Platform>
                    <Platform Name="Android64">
                        <RemoteDir>library\lib\arm64-v8a</RemoteDir>
                        <Operation>1</Operation>
                    </Platform>
                    <Platform Name="Win32">
                        <Operation>0</Operation>
                    </Platform>
                </DeployClass>
                <DeployClass Name="ProjectOutput_Android32">
                    <Platform Name="Android64">
                        <RemoteDir>library\lib\armeabi-v7a</RemoteDir>
                        <Operation>1</Operation>
                    </Platform>
                </DeployClass>
                <DeployClass Name="ProjectUWPManifest">
                    <Platform Name="Win32">
                        <Operation>1</Operation>
                    </Platform>
                    <Platform Name="Win64">
                        <Operation>1</Operation>
                    </Platform>
                </DeployClass>
                <DeployClass Name="UWP_DelphiLogo150">
                    <Platform Name="Win32">
                        <RemoteDir>Assets</RemoteDir>
                        <Operation>1</Operation>
                    </Platform>
                    <Platform Name="Win64">
                        <RemoteDir>Assets</RemoteDir>
                        <Operation>1</Operation>
                    </Platform>
                </DeployClass>
                <DeployClass Name="UWP_DelphiLogo44">
                    <Platform Name="Win32">
                        <RemoteDir>Assets</RemoteDir>
                        <Operation>1</Operation>
                    </Platform>
                    <Platform Name="Win64">
                        <RemoteDir>Assets</RemoteDir>
                        <Operation>1</Operation>
                    </Platform>
                </DeployClass>
                <ProjectRoot Platform="Android" Name="$(PROJECTNAME)"/>
                <ProjectRoot Platform="Android64" Name="$(PROJECTNAME)"/>
                <ProjectRoot Platform="Win32" Name="$(PROJECTNAME)"/>
                <ProjectRoot Platform="Win64" Name="$(PROJECTNAME)"/>
            </Deployment>
            <Platforms>
                <Platform value="Android">True</Platform>
                <Platform value="Android64">True</Platform>
                <Platform value="OSX32">False</Platform>
                <Platform value="OSX64">False</Platform>
                <Platform value="Win32">True</Platform>
                <Platform value="Win64">True</Platform>
                <Platform value="iOSDevice32">False</Platform>
                <Platform value="iOSDevice64">False</Platform>
                <Platform value="iOSSimulator">False</Platform>
            </Platforms>
        </BorlandProject>
        <ProjectFileVersion>12</ProjectFileVersion>
    </ProjectExtensions>
    <Import Project="$(BDS)\Bin\CodeGear.Delphi.Targets" Condition="Exists('$(BDS)\Bin\CodeGear.Delphi.Targets')"/>
    <Import Project="$(APPDATA)\Embarcadero\$(BDSAPPDATABASEDIR)\$(PRODUCTVERSION)\UserTools.proj" Condition="Exists('$(APPDATA)\Embarcadero\$(BDSAPPDATABASEDIR)\$(PRODUCTVERSION)\UserTools.proj')"/>
    <Import Project="$(MSBuildProjectName).deployproj" Condition="Exists('$(MSBuildProjectName).deployproj')"/>
</Project>
