<!--
 Copyright (c) 2021-2024 Skia4Delphi Project.

 Use of this source code is governed by the MIT license that can be
 found in the LICENSE file.
-->
<Project xmlns="http://schemas.microsoft.com/developer/msbuild/2003">
    <PropertyGroup>
        <Base>True</Base>
        <AppType>Package</AppType>
        <Config Condition="'$(Config)'==''">Debug</Config>
        <FrameworkType>FMX</FrameworkType>
        <MainSource>Skia.Package.FMX.dpk</MainSource>
        <Platform Condition="'$(Platform)'==''">Win32</Platform>
        <ProjectGuid>{7EED43C7-FD38-4995-B724-4A27D8F0FBBA}</ProjectGuid>
        <ProjectVersion>19.3</ProjectVersion>
        <TargetedPlatforms>169107</TargetedPlatforms>
    </PropertyGroup>
    <PropertyGroup Condition="'$(Config)'=='Base' or '$(Base)'!=''">
        <Base>true</Base>
    </PropertyGroup>
    <PropertyGroup Condition="('$(Platform)'=='Android' and '$(Base)'=='true') or '$(Base_Android)'!=''">
        <Base_Android>true</Base_Android>
        <CfgParent>Base</CfgParent>
        <Base>true</Base>
    </PropertyGroup>
    <PropertyGroup Condition="('$(Platform)'=='Android64' and '$(Base)'=='true') or '$(Base_Android64)'!=''">
        <Base_Android64>true</Base_Android64>
        <CfgParent>Base</CfgParent>
        <Base>true</Base>
    </PropertyGroup>
    <PropertyGroup Condition="('$(Platform)'=='OSX64' and '$(Base)'=='true') or '$(Base_OSX64)'!=''">
        <Base_OSX64>true</Base_OSX64>
        <CfgParent>Base</CfgParent>
        <Base>true</Base>
    </PropertyGroup>
    <PropertyGroup Condition="('$(Platform)'=='OSXARM64' and '$(Base)'=='true') or '$(Base_OSXARM64)'!=''">
        <Base_OSXARM64>true</Base_OSXARM64>
        <CfgParent>Base</CfgParent>
        <Base>true</Base>
    </PropertyGroup>
    <PropertyGroup Condition="('$(Platform)'=='Win32' and '$(Base)'=='true') or '$(Base_Win32)'!=''">
        <Base_Win32>true</Base_Win32>
        <CfgParent>Base</CfgParent>
        <Base>true</Base>
    </PropertyGroup>
    <PropertyGroup Condition="('$(Platform)'=='Win64' and '$(Base)'=='true') or '$(Base_Win64)'!=''">
        <Base_Win64>true</Base_Win64>
        <CfgParent>Base</CfgParent>
        <Base>true</Base>
    </PropertyGroup>
    <PropertyGroup Condition="('$(Platform)'=='iOSDevice64' and '$(Base)'=='true') or '$(Base_iOSDevice64)'!=''">
        <Base_iOSDevice64>true</Base_iOSDevice64>
        <CfgParent>Base</CfgParent>
        <Base>true</Base>
    </PropertyGroup>
    <PropertyGroup Condition="('$(Platform)'=='iOSSimARM64' and '$(Base)'=='true') or '$(Base_iOSSimARM64)'!=''">
        <Base_iOSSimARM64>true</Base_iOSSimARM64>
        <CfgParent>Base</CfgParent>
        <Base>true</Base>
    </PropertyGroup>
    <PropertyGroup Condition="'$(Config)'=='Debug' or '$(Cfg_1)'!=''">
        <Cfg_1>true</Cfg_1>
        <CfgParent>Base</CfgParent>
        <Base>true</Base>
    </PropertyGroup>
    <PropertyGroup Condition="('$(Platform)'=='Win32' and '$(Cfg_1)'=='true') or '$(Cfg_1_Win32)'!=''">
        <Cfg_1_Win32>true</Cfg_1_Win32>
        <CfgParent>Cfg_1</CfgParent>
        <Cfg_1>true</Cfg_1>
        <Base>true</Base>
    </PropertyGroup>
    <PropertyGroup Condition="'$(Config)'=='Release' or '$(Cfg_2)'!=''">
        <Cfg_2>true</Cfg_2>
        <CfgParent>Base</CfgParent>
        <Base>true</Base>
    </PropertyGroup>
    <PropertyGroup Condition="'$(Base)'!=''">
        <SanitizedProjectName>Skia_Package_FMX</SanitizedProjectName>
        <DCC_BplOutput>..\..\Library\RAD Studio 11 Alexandria\$(Platform)\$(Config)\Bpl</DCC_BplOutput>
        <DCC_HppOutput>..\..\Library\RAD Studio 11 Alexandria\$(Platform)\Include</DCC_HppOutput>
        <DCC_DcpOutput>..\..\Library\RAD Studio 11 Alexandria\$(Platform)\$(Config)</DCC_DcpOutput>
        <DCC_DcuOutput>..\..\Library\RAD Studio 11 Alexandria\$(Platform)\$(Config)</DCC_DcuOutput>
        <DCC_Description>Skia4Delphi FMX package</DCC_Description>
        <DCC_ExeOutput>.\$(Platform)\$(Config)</DCC_ExeOutput>
        <DCC_Namespace>System;Xml;Data;Datasnap;Web;Soap;$(DCC_Namespace)</DCC_Namespace>
        <DCC_OutputNeverBuildDcps>true</DCC_OutputNeverBuildDcps>
        <DCC_UnitSearchPath>..\..\Library\RAD Studio 11 Alexandria\$(Platform)\$(Config);..\..\Source;$(DCC_UnitSearchPath)</DCC_UnitSearchPath>
        <DllSuffix>$(Auto)</DllSuffix>
        <GenDll>true</GenDll>
        <GenPackage>true</GenPackage>
        <RuntimeOnlyPackage>true</RuntimeOnlyPackage>
    </PropertyGroup>
    <PropertyGroup Condition="'$(Base_Android)'!=''">
        <BT_BuildType>Debug</BT_BuildType>
        <VerInfo_Keys>package=com.embarcadero.$(MSBuildProjectName);label=$(MSBuildProjectName);versionCode=1;versionName=1.0.0;persistent=False;restoreAnyVersion=False;installLocation=auto;largeHeap=False;theme=TitleBar;hardwareAccelerated=true;apiKey=</VerInfo_Keys>
    </PropertyGroup>
    <PropertyGroup Condition="'$(Base_Android64)'!=''">
        <BT_BuildType>Debug</BT_BuildType>
        <VerInfo_Keys>package=com.embarcadero.$(MSBuildProjectName);label=$(MSBuildProjectName);versionCode=1;versionName=1.0.0;persistent=False;restoreAnyVersion=False;installLocation=auto;largeHeap=False;theme=TitleBar;hardwareAccelerated=true;apiKey=</VerInfo_Keys>
    </PropertyGroup>
    <PropertyGroup Condition="'$(Base_OSX64)'!=''">
        <DCC_macOSMinimumVersion>10.11</DCC_macOSMinimumVersion>
        <BT_BuildType>Debug</BT_BuildType>
        <Debugger_Launcher>/usr/X11/bin/xterm -e &quot;%debuggee%&quot;</Debugger_Launcher>
        <VerInfo_Keys>CFBundleName=$(MSBuildProjectName);CFBundleDisplayName=$(MSBuildProjectName);CFBundleIdentifier=$(MSBuildProjectName);CFBundleVersion=1.0.0;CFBundleShortVersionString=1.0.0;CFBundlePackageType=APPL;CFBundleSignature=????;CFBundleAllowMixedLocalizations=YES;CFBundleExecutable=$(MSBuildProjectName);NSHighResolutionCapable=true;LSApplicationCategoryType=public.app-category.utilities;NSLocationUsageDescription=The reason for accessing the location information of the user;NSContactsUsageDescription=The reason for accessing the contacts;NSCalendarsUsageDescription=The reason for accessing the calendar data;NSRemindersUsageDescription=The reason for accessing the reminders;NSCameraUsageDescription=The reason for accessing the camera;NSMicrophoneUsageDescription=The reason for accessing the microphone;NSMotionUsageDescription=The reason for accessing the accelerometer;NSDesktopFolderUsageDescription=The reason for accessing the Desktop folder;NSDocumentsFolderUsageDescription=The reason for accessing the Documents folder;NSDownloadsFolderUsageDescription=The reason for accessing the Downloads folder;NSNetworkVolumesUsageDescription=The reason for accessing files on a network volume;NSRemovableVolumesUsageDescription=The reason for accessing files on a removable volume;NSSpeechRecognitionUsageDescription=The reason for requesting to send user data to Apple&apos;s speech recognition servers</VerInfo_Keys>
    </PropertyGroup>
    <PropertyGroup Condition="'$(Base_OSXARM64)'!=''">
        <BT_BuildType>Debug</BT_BuildType>
        <VerInfo_Keys>CFBundleName=$(MSBuildProjectName);CFBundleDisplayName=$(MSBuildProjectName);CFBundleIdentifier=$(MSBuildProjectName);CFBundleVersion=1.0.0;CFBundleShortVersionString=1.0.0;CFBundlePackageType=APPL;CFBundleSignature=????;CFBundleAllowMixedLocalizations=YES;CFBundleExecutable=$(MSBuildProjectName);NSHighResolutionCapable=true;LSApplicationCategoryType=public.app-category.utilities;NSLocationUsageDescription=The reason for accessing the location information of the user;NSContactsUsageDescription=The reason for accessing the contacts;NSCalendarsUsageDescription=The reason for accessing the calendar data;NSRemindersUsageDescription=The reason for accessing the reminders;NSCameraUsageDescription=The reason for accessing the camera;NSMicrophoneUsageDescription=The reason for accessing the microphone;NSMotionUsageDescription=The reason for accessing the accelerometer;NSDesktopFolderUsageDescription=The reason for accessing the Desktop folder;NSDocumentsFolderUsageDescription=The reason for accessing the Documents folder;NSDownloadsFolderUsageDescription=The reason for accessing the Downloads folder;NSNetworkVolumesUsageDescription=The reason for accessing files on a network volume;NSRemovableVolumesUsageDescription=The reason for accessing files on a removable volume;NSSpeechRecognitionUsageDescription=The reason for requesting to send user data to Apple&apos;s speech recognition servers</VerInfo_Keys>
    </PropertyGroup>
    <PropertyGroup Condition="'$(Base_Win32)'!=''">
        <BT_BuildType>Debug</BT_BuildType>
        <DCC_Namespace>Winapi;System.Win;Data.Win;Datasnap.Win;Web.Win;Soap.Win;Xml.Win;Bde;$(DCC_Namespace)</DCC_Namespace>
        <VerInfo_IncludeVerInfo>true</VerInfo_IncludeVerInfo>
        <VerInfo_Keys>CompanyName=;FileDescription=$(MSBuildProjectName);FileVersion=1.0.0.0;InternalName=;LegalCopyright=;LegalTrademarks=;OriginalFilename=;ProgramID=com.embarcadero.$(MSBuildProjectName);ProductName=$(MSBuildProjectName);ProductVersion=1.0.0.0;Comments=</VerInfo_Keys>
        <VerInfo_Locale>1033</VerInfo_Locale>
    </PropertyGroup>
    <PropertyGroup Condition="'$(Base_Win64)'!=''">
        <BT_BuildType>Debug</BT_BuildType>
        <DCC_Namespace>Winapi;System.Win;Data.Win;Datasnap.Win;Web.Win;Soap.Win;Xml.Win;$(DCC_Namespace)</DCC_Namespace>
        <VerInfo_IncludeVerInfo>true</VerInfo_IncludeVerInfo>
        <VerInfo_Keys>CompanyName=;FileDescription=$(MSBuildProjectName);FileVersion=1.0.0.0;InternalName=;LegalCopyright=;LegalTrademarks=;OriginalFilename=;ProgramID=com.embarcadero.$(MSBuildProjectName);ProductName=$(MSBuildProjectName);ProductVersion=1.0.0.0;Comments=</VerInfo_Keys>
        <VerInfo_Locale>1033</VerInfo_Locale>
    </PropertyGroup>
    <PropertyGroup Condition="'$(Base_iOSDevice64)'!=''">
        <BT_BuildType>Debug</BT_BuildType>
        <VerInfo_BundleId>$(MSBuildProjectName)</VerInfo_BundleId>
        <VerInfo_IncludeVerInfo>true</VerInfo_IncludeVerInfo>
        <VerInfo_Keys>CFBundleName=$(MSBuildProjectName);CFBundleDevelopmentRegion=en;CFBundleDisplayName=$(MSBuildProjectName);CFBundleIdentifier=$(MSBuildProjectName);CFBundleInfoDictionaryVersion=7.1;CFBundleVersion=1.0.0;CFBundleShortVersionString=1.0.0;CFBundlePackageType=APPL;CFBundleSignature=????;LSRequiresIPhoneOS=true;CFBundleAllowMixedLocalizations=YES;CFBundleExecutable=$(MSBuildProjectName);UIDeviceFamily=iPhone &amp; iPad;NSLocationAlwaysUsageDescription=The reason for accessing the location information of the user;NSLocationWhenInUseUsageDescription=The reason for accessing the location information of the user;NSLocationAlwaysAndWhenInUseUsageDescription=The reason for accessing the location information of the user;UIBackgroundModes=;NSContactsUsageDescription=The reason for accessing the contacts;NSPhotoLibraryUsageDescription=The reason for accessing the photo library;NSPhotoLibraryAddUsageDescription=The reason for adding to the photo library;NSCameraUsageDescription=The reason for accessing the camera;NSFaceIDUsageDescription=The reason for accessing the face id;NSMicrophoneUsageDescription=The reason for accessing the microphone;NSSiriUsageDescription=The reason for accessing Siri;ITSAppUsesNonExemptEncryption=false;NSBluetoothAlwaysUsageDescription=The reason for accessing bluetooth;NSBluetoothPeripheralUsageDescription=The reason for accessing bluetooth peripherals;NSCalendarsUsageDescription=The reason for accessing the calendar data;NSRemindersUsageDescription=The reason for accessing the reminders;NSMotionUsageDescription=The reason for accessing the accelerometer;NSSpeechRecognitionUsageDescription=The reason for requesting to send user data to Apple&apos;s speech recognition servers</VerInfo_Keys>
        <VerInfo_UIDeviceFamily>iPhoneAndiPad</VerInfo_UIDeviceFamily>
    </PropertyGroup>
    <PropertyGroup Condition="'$(Base_iOSSimARM64)'!=''">
        <BT_BuildType>Debug</BT_BuildType>
        <VerInfo_IncludeVerInfo>true</VerInfo_IncludeVerInfo>
        <VerInfo_Keys>CFBundleName=$(MSBuildProjectName);CFBundleDevelopmentRegion=en;CFBundleDisplayName=$(MSBuildProjectName);CFBundleIdentifier=$(MSBuildProjectName);CFBundleInfoDictionaryVersion=7.1;CFBundleVersion=1.0.0;CFBundleShortVersionString=1.0.0;CFBundlePackageType=APPL;CFBundleSignature=????;LSRequiresIPhoneOS=true;CFBundleAllowMixedLocalizations=YES;CFBundleExecutable=$(MSBuildProjectName);UIDeviceFamily=iPhone &amp; iPad;NSLocationAlwaysUsageDescription=The reason for accessing the location information of the user;NSLocationWhenInUseUsageDescription=The reason for accessing the location information of the user;NSLocationAlwaysAndWhenInUseUsageDescription=The reason for accessing the location information of the user;UIBackgroundModes=;NSContactsUsageDescription=The reason for accessing the contacts;NSPhotoLibraryUsageDescription=The reason for accessing the photo library;NSPhotoLibraryAddUsageDescription=The reason for adding to the photo library;NSCameraUsageDescription=The reason for accessing the camera;NSFaceIDUsageDescription=The reason for accessing the face id;NSMicrophoneUsageDescription=The reason for accessing the microphone;NSSiriUsageDescription=The reason for accessing Siri;ITSAppUsesNonExemptEncryption=false;NSBluetoothAlwaysUsageDescription=The reason for accessing bluetooth;NSBluetoothPeripheralUsageDescription=The reason for accessing bluetooth peripherals;NSCalendarsUsageDescription=The reason for accessing the calendar data;NSRemindersUsageDescription=The reason for accessing the reminders;NSMotionUsageDescription=The reason for accessing the accelerometer;NSSpeechRecognitionUsageDescription=The reason for requesting to send user data to Apple&apos;s speech recognition servers</VerInfo_Keys>
        <VerInfo_UIDeviceFamily>iPhoneAndiPad</VerInfo_UIDeviceFamily>
    </PropertyGroup>
    <PropertyGroup Condition="'$(Cfg_1)'!=''">
        <DCC_DebugDCUs>true</DCC_DebugDCUs>
        <DCC_DebugInfoInExe>true</DCC_DebugInfoInExe>
        <DCC_Define>DEBUG;$(DCC_Define)</DCC_Define>
        <DCC_GenerateStackFrames>true</DCC_GenerateStackFrames>
        <DCC_IntegerOverflowCheck>false</DCC_IntegerOverflowCheck>
        <DCC_Optimize>false</DCC_Optimize>
        <DCC_RangeChecking>false</DCC_RangeChecking>
        <DCC_RemoteDebug>true</DCC_RemoteDebug>
    </PropertyGroup>
    <PropertyGroup Condition="'$(Cfg_1_Win32)'!=''">
        <DCC_RemoteDebug>false</DCC_RemoteDebug>
        <VerInfo_IncludeVerInfo>true</VerInfo_IncludeVerInfo>
        <VerInfo_Locale>1033</VerInfo_Locale>
    </PropertyGroup>
    <PropertyGroup Condition="'$(Cfg_2)'!=''">
        <DCC_DebugInformation>0</DCC_DebugInformation>
        <DCC_Define>RELEASE;$(DCC_Define)</DCC_Define>
        <DCC_LocalDebugSymbols>false</DCC_LocalDebugSymbols>
        <DCC_SymbolReferenceInfo>0</DCC_SymbolReferenceInfo>
    </PropertyGroup>
    <ItemGroup>
        <DelphiCompile Include="$(MainSource)">
            <MainSource>MainSource</MainSource>
        </DelphiCompile>
        <DCCReference Include="rtl.dcp"/>
        <DCCReference Include="fmx.dcp"/>
        <DCCReference Include="Skia.Package.RTL.dcp"/>
        <DCCReference Include="..\..\Source\FMX\FMX.Skia.Canvas.GL.pas"/>
        <DCCReference Include="..\..\Source\FMX\FMX.Skia.Canvas.Metal.pas"/>
        <DCCReference Include="..\..\Source\FMX\FMX.Skia.Canvas.pas"/>
        <DCCReference Include="..\..\Source\FMX\FMX.Skia.pas"/>
        <BuildConfiguration Include="Base">
            <Key>Base</Key>
        </BuildConfiguration>
        <BuildConfiguration Include="Debug">
            <Key>Cfg_1</Key>
            <CfgParent>Base</CfgParent>
        </BuildConfiguration>
        <BuildConfiguration Include="Release">
            <Key>Cfg_2</Key>
            <CfgParent>Base</CfgParent>
        </BuildConfiguration>
    </ItemGroup>
    <ProjectExtensions>
        <Borland.Personality>Delphi.Personality.12</Borland.Personality>
        <Borland.ProjectType>Package</Borland.ProjectType>
        <BorlandProject>
            <Delphi.Personality>
                <Source>
                    <Source Name="MainSource">Skia.Package.FMX.dpk</Source>
                </Source>
                <Excluded_Packages/>
            </Delphi.Personality>
            <Platforms>
                <Platform value="Android">True</Platform>
                <Platform value="Android64">True</Platform>
                <Platform value="Linux64">True</Platform>
                <Platform value="OSX64">True</Platform>
                <Platform value="OSXARM64">True</Platform>
                <Platform value="Win32">True</Platform>
                <Platform value="Win64">True</Platform>
                <Platform value="iOSDevice64">True</Platform>
                <Platform value="iOSSimARM64">True</Platform>
            </Platforms>
        </BorlandProject>
        <ProjectFileVersion>12</ProjectFileVersion>
    </ProjectExtensions>
    <Import Project="..\Common\Skia.Package.Delphi" Condition="Exists('..\Common\Skia.Package.Delphi')"/>
    <Import Project="$(BDS)\Bin\CodeGear.Delphi.Targets" Condition="Exists('$(BDS)\Bin\CodeGear.Delphi.Targets')"/>
    <Import Project="$(APPDATA)\Embarcadero\$(BDSAPPDATABASEDIR)\$(PRODUCTVERSION)\UserTools.proj" Condition="Exists('$(APPDATA)\Embarcadero\$(BDSAPPDATABASEDIR)\$(PRODUCTVERSION)\UserTools.proj')"/>
    <Import Project="$(MSBuildProjectName).deployproj" Condition="Exists('$(MSBuildProjectName).deployproj')"/>
</Project>
