<!--
 Copyright (c) 2011-2022 Google LLC.
 Copyright (c) 2021-2022 Skia4Delphi Project.

 Use of this source code is governed by a BSD-style license that can be
 found in the LICENSE file.
-->
<Project xmlns="http://schemas.microsoft.com/developer/msbuild/2003">
    <PropertyGroup>
        <Base>True</Base>
        <AppType>Application</AppType>
        <Config Condition="'$(Config)'==''">Release</Config>
        <FrameworkType>FMX</FrameworkType>
        <MainSource>Skia4Delphi.dpr</MainSource>
        <Platform Condition="'$(Platform)'==''">Win32</Platform>
        <ProjectGuid>{A0D47E35-7631-4098-8A8C-65815C4A8A89}</ProjectGuid>
        <ProjectVersion>16.1</ProjectVersion>
        <TargetedPlatforms>3</TargetedPlatforms>
    </PropertyGroup>
    <PropertyGroup Condition="'$(Config)'=='Base' or '$(Base)'!=''">
        <Base>true</Base>
    </PropertyGroup>
    <PropertyGroup Condition="('$(Platform)'=='Win32' and '$(Base)'=='true') or '$(Base_Win32)'!=''">
        <Base_Win32>true</Base_Win32>
        <CfgParent>Base</CfgParent>
        <Base>true</Base>
    </PropertyGroup>
    <PropertyGroup Condition="('$(Platform)'=='Win64' and '$(Base)'=='true') or '$(Base_Win64)'!=''">
        <Base_Win64>true</Base_Win64>
        <CfgParent>Base</CfgParent>
        <Base>true</Base>
    </PropertyGroup>
    <PropertyGroup Condition="'$(Config)'=='Debug' or '$(Cfg_1)'!=''">
        <Cfg_1>true</Cfg_1>
        <CfgParent>Base</CfgParent>
        <Base>true</Base>
    </PropertyGroup>
    <PropertyGroup Condition="('$(Platform)'=='Win32' and '$(Cfg_1)'=='true') or '$(Cfg_1_Win32)'!=''">
        <Cfg_1_Win32>true</Cfg_1_Win32>
        <CfgParent>Cfg_1</CfgParent>
        <Cfg_1>true</Cfg_1>
        <Base>true</Base>
    </PropertyGroup>
    <PropertyGroup Condition="'$(Config)'=='Release' or '$(Cfg_2)'!=''">
        <Cfg_2>true</Cfg_2>
        <CfgParent>Base</CfgParent>
        <Base>true</Base>
    </PropertyGroup>
    <PropertyGroup Condition="('$(Platform)'=='Win32' and '$(Cfg_2)'=='true') or '$(Cfg_2_Win32)'!=''">
        <Cfg_2_Win32>true</Cfg_2_Win32>
        <CfgParent>Cfg_2</CfgParent>
        <Cfg_2>true</Cfg_2>
        <Base>true</Base>
    </PropertyGroup>
    <PropertyGroup Condition="'$(Base)'!=''">
        <SanitizedProjectName>Skia4Delphi</SanitizedProjectName>
        <AUP_ACCESS_COARSE_LOCATION>true</AUP_ACCESS_COARSE_LOCATION>
        <AUP_ACCESS_FINE_LOCATION>true</AUP_ACCESS_FINE_LOCATION>
        <AUP_CALL_PHONE>true</AUP_CALL_PHONE>
        <AUP_CAMERA>true</AUP_CAMERA>
        <AUP_INTERNET>true</AUP_INTERNET>
        <AUP_READ_CALENDAR>true</AUP_READ_CALENDAR>
        <AUP_READ_EXTERNAL_STORAGE>true</AUP_READ_EXTERNAL_STORAGE>
        <AUP_READ_PHONE_STATE>true</AUP_READ_PHONE_STATE>
        <AUP_WRITE_CALENDAR>true</AUP_WRITE_CALENDAR>
        <AUP_WRITE_EXTERNAL_STORAGE>true</AUP_WRITE_EXTERNAL_STORAGE>
        <DCC_DcuOutput>.\..\..\Objects\$(Platform)\$(Config)</DCC_DcuOutput>
        <DCC_Define>SKIA;$(DCC_Define)</DCC_Define>
        <DCC_ExeOutput>.\..\..\Binary\$(Platform)\$(Config)</DCC_ExeOutput>
        <DCC_Namespace>System;Xml;Data;Datasnap;Web;Soap;$(DCC_Namespace)</DCC_Namespace>
        <Manifest_File>$(BDS)\bin\default_app.manifest</Manifest_File>
        <VerInfo_IncludeVerInfo>true</VerInfo_IncludeVerInfo>
        <VerInfo_Keys>CompanyName=skia4delphi.org;FileDescription=$(ModuleName);FileVersion=3.3.2.0;InternalName=;LegalCopyright=;LegalTrademarks=;OriginalFilename=;ProductName=$(ModuleName);ProductVersion=3.3.2.0;Comments=</VerInfo_Keys>
        <VerInfo_Locale>1033</VerInfo_Locale>
        <VerInfo_MajorVer>3</VerInfo_MajorVer>
    </PropertyGroup>
    <PropertyGroup Condition="'$(Base_Win32)'!=''">
        <DCC_Namespace>Winapi;System.Win;Data.Win;Datasnap.Win;Web.Win;Soap.Win;Xml.Win;Bde;$(DCC_Namespace)</DCC_Namespace>
        <DCC_UsePackage>FireDACSqliteDriver;FireDACDSDriver;DBXSqliteDriver;FireDACPgDriver;fmx;IndySystem;frxe21;TeeDB;tethering;vclib;DBXInterBaseDriver;DataSnapClient;DataSnapServer;DataSnapCommon;frx21;DataSnapProviderClient;DBXSybaseASEDriver;DbxCommonDriver;vclimg;dbxcds;DatasnapConnectorsFreePascal;MetropolisUILiveTile;vcldb;vcldsnap;fmxFireDAC;DBXDb2Driver;DBXOracleDriver;CustomIPTransport;vclribbon;dsnap;IndyIPServer;fmxase;vcl;IndyCore;DBXMSSQLDriver;IndyIPCommon;CloudService;FmxTeeUI;FireDACIBDriver;CodeSiteExpressPkg;Skia.Package.RTL;DataSnapFireDAC;FireDACDBXDriver;soapserver;Skia.Package.FMX;inetdbxpress;dsnapxml;FireDACInfxDriver;FireDACDb2Driver;adortl;FireDACASADriver;bindcompfmx;FireDACODBCDriver;RESTBackendComponents;emsclientfiredac;rtl;dbrtl;DbxClientDriver;FireDACCommon;bindcomp;inetdb;frxTee21;Tee;DBXOdbcDriver;frxDB21;vclFireDAC;xmlrtl;DataSnapNativeClient;svnui;ibxpress;IndyProtocols;DBXMySQLDriver;FireDACCommonDriver;bindengine;vclactnband;bindcompdbx;soaprtl;FMXTee;TeeUI;bindcompvcl;vclie;FireDACADSDriver;vcltouch;emsclient;VCLRESTComponents;FireDACMSSQLDriver;FireDAC;VclSmp;DBXInformixDriver;Intraweb;DataSnapConnectors;DataSnapServerMidas;dsnapcon;DBXFirebirdDriver;inet;fmxobj;FireDACMySQLDriver;soapmidas;vclx;Skia.Package.VCL;svn;DBXSybaseASADriver;FireDACOracleDriver;fmxdae;RESTComponents;FireDACMSAccDriver;dbexpress;DataSnapIndy10ServerTransport;IndyIPClient;$(DCC_UsePackage)</DCC_UsePackage>
        <VerInfo_IncludeVerInfo>true</VerInfo_IncludeVerInfo>
        <VerInfo_Keys>CompanyName=;FileDescription=;FileVersion=1.0.0.0;InternalName=;LegalCopyright=;LegalTrademarks=;OriginalFilename=;ProductName=;ProductVersion=1.0.0.0;Comments=</VerInfo_Keys>
        <VerInfo_Locale>1033</VerInfo_Locale>
    </PropertyGroup>
    <PropertyGroup Condition="'$(Base_Win64)'!=''">
        <DCC_Namespace>Winapi;System.Win;Data.Win;Datasnap.Win;Web.Win;Soap.Win;Xml.Win;$(DCC_Namespace)</DCC_Namespace>
        <DCC_UsePackage>FireDACSqliteDriver;FireDACDSDriver;DBXSqliteDriver;FireDACPgDriver;fmx;IndySystem;TeeDB;tethering;vclib;DBXInterBaseDriver;DataSnapClient;DataSnapServer;DataSnapCommon;DataSnapProviderClient;DBXSybaseASEDriver;DbxCommonDriver;vclimg;dbxcds;DatasnapConnectorsFreePascal;MetropolisUILiveTile;vcldb;vcldsnap;fmxFireDAC;DBXDb2Driver;DBXOracleDriver;CustomIPTransport;vclribbon;dsnap;IndyIPServer;fmxase;vcl;IndyCore;DBXMSSQLDriver;IndyIPCommon;CloudService;FmxTeeUI;FireDACIBDriver;Skia.Package.RTL;DataSnapFireDAC;FireDACDBXDriver;soapserver;Skia.Package.FMX;inetdbxpress;dsnapxml;FireDACInfxDriver;FireDACDb2Driver;adortl;FireDACASADriver;bindcompfmx;FireDACODBCDriver;RESTBackendComponents;emsclientfiredac;rtl;dbrtl;DbxClientDriver;FireDACCommon;bindcomp;inetdb;Tee;DBXOdbcDriver;vclFireDAC;xmlrtl;DataSnapNativeClient;ibxpress;IndyProtocols;DBXMySQLDriver;FireDACCommonDriver;bindengine;vclactnband;bindcompdbx;soaprtl;FMXTee;TeeUI;bindcompvcl;vclie;FireDACADSDriver;vcltouch;emsclient;VCLRESTComponents;FireDACMSSQLDriver;FireDAC;VclSmp;DBXInformixDriver;Intraweb;DataSnapConnectors;DataSnapServerMidas;dsnapcon;DBXFirebirdDriver;inet;fmxobj;FireDACMySQLDriver;soapmidas;vclx;Skia.Package.VCL;DBXSybaseASADriver;FireDACOracleDriver;fmxdae;RESTComponents;FireDACMSAccDriver;dbexpress;DataSnapIndy10ServerTransport;IndyIPClient;$(DCC_UsePackage)</DCC_UsePackage>
        <VerInfo_IncludeVerInfo>true</VerInfo_IncludeVerInfo>
        <VerInfo_Keys>CompanyName=;FileDescription=;FileVersion=1.0.0.0;InternalName=;LegalCopyright=;LegalTrademarks=;OriginalFilename=;ProductName=;ProductVersion=1.0.0.0;Comments=</VerInfo_Keys>
        <VerInfo_Locale>1033</VerInfo_Locale>
    </PropertyGroup>
    <PropertyGroup Condition="'$(Cfg_1)'!=''">
        <DCC_DebugDCUs>true</DCC_DebugDCUs>
        <DCC_DebugInfoInExe>true</DCC_DebugInfoInExe>
        <DCC_Define>DEBUG;$(DCC_Define)</DCC_Define>
        <DCC_GenerateStackFrames>true</DCC_GenerateStackFrames>
        <DCC_Optimize>false</DCC_Optimize>
        <DCC_RemoteDebug>true</DCC_RemoteDebug>
    </PropertyGroup>
    <PropertyGroup Condition="'$(Cfg_1_Win32)'!=''">
        <DCC_RemoteDebug>false</DCC_RemoteDebug>
    </PropertyGroup>
    <PropertyGroup Condition="'$(Cfg_2)'!=''">
        <DCC_DebugInformation>0</DCC_DebugInformation>
        <DCC_Define>RELEASE;$(DCC_Define)</DCC_Define>
        <DCC_LocalDebugSymbols>false</DCC_LocalDebugSymbols>
        <DCC_SymbolReferenceInfo>0</DCC_SymbolReferenceInfo>
    </PropertyGroup>
    <PropertyGroup Condition="'$(Cfg_2_Win32)'!=''">
        <VerInfo_IncludeVerInfo>true</VerInfo_IncludeVerInfo>
        <VerInfo_Locale>1033</VerInfo_Locale>
    </PropertyGroup>
    <ItemGroup>
        <DelphiCompile Include="$(MainSource)">
            <MainSource>MainSource</MainSource>
        </DelphiCompile>
        <DCCReference Include="..\..\Source\Base\Sample.Form.Base.pas">
            <Form>frmBase</Form>
            <FormType>fmx</FormType>
        </DCCReference>
        <DCCReference Include="..\..\Source\Base\Sample.Form.Base.Styled.XE7.pas">
            <Form>frmStyledBase</Form>
            <FormType>fmx</FormType>
        </DCCReference>
        <DCCReference Include="..\..\Source\Base\Sample.Form.Base.Viewer.pas">
            <Form>frmBaseViewer</Form>
            <FormType>fmx</FormType>
        </DCCReference>
        <DCCReference Include="..\..\Source\Viewer\Sample.Form.Viewer.AnimatedPaintBox.pas">
            <Form>frmAnimatedPaintBoxViewer</Form>
            <FormType>fmx</FormType>
        </DCCReference>
        <DCCReference Include="..\..\Source\Viewer\Sample.Form.Viewer.Control.pas">
            <Form>frmControlViewer</Form>
            <FormType>fmx</FormType>
        </DCCReference>
        <DCCReference Include="..\..\Source\Viewer\Sample.Form.Viewer.PaintBox.pas">
            <Form>frmPaintBoxViewer</Form>
            <FormType>fmx</FormType>
        </DCCReference>
        <DCCReference Include="..\..\Source\Viewer\Sample.Form.Viewer.PDF.pas">
            <Form>frmPDFViewer</Form>
            <FormType>fmx</FormType>
        </DCCReference>
        <DCCReference Include="..\..\Source\Viewer\Sample.Form.Viewer.TImage.pas">
            <Form>frmTImageViewer</Form>
            <FormType>fmx</FormType>
        </DCCReference>
        <DCCReference Include="..\..\Source\Viewer\Sample.Form.Viewer.Unicode.BiDi.pas">
            <Form>frmUnicodeBiDiViewer</Form>
            <FormType>fmx</FormType>
        </DCCReference>
        <DCCReference Include="..\..\Source\Viewer\Sample.Form.Viewer.Unicode.Graphemes.pas">
            <Form>frmUnicodeGraphemesViewer</Form>
            <FormType>fmx</FormType>
        </DCCReference>
        <DCCReference Include="..\..\Source\Viewer\Sample.Form.Viewer.Comparison.Image.pas">
            <Form>frmComparisonImageViewer</Form>
            <FormType>fmx</FormType>
        </DCCReference>
        <DCCReference Include="..\..\Source\Sample.Form.Basics.pas">
            <Form>frmBasics</Form>
            <FormType>fmx</FormType>
        </DCCReference>
        <DCCReference Include="..\..\Source\Sample.Form.Controls.pas">
            <Form>frmControls</Form>
            <FormType>fmx</FormType>
        </DCCReference>
        <DCCReference Include="..\..\Source\Sample.Form.Controls.TSkAnimatedImage.pas">
            <Form>frmTSkAnimatedImage</Form>
            <FormType>fmx</FormType>
        </DCCReference>
        <DCCReference Include="..\..\Source\Sample.Form.Controls.TSkLabel.pas">
            <Form>frmTSkLabel</Form>
            <FormType>fmx</FormType>
        </DCCReference>
        <DCCReference Include="..\..\Source\Sample.Form.Controls.TSkPaintBox.pas">
            <Form>frmTSkPaintBox</Form>
            <FormType>fmx</FormType>
        </DCCReference>
        <DCCReference Include="..\..\Source\Sample.Form.Controls.TSkSVG.pas">
            <Form>frmTSkSVG</Form>
            <FormType>fmx</FormType>
        </DCCReference>
        <DCCReference Include="..\..\Source\Sample.Form.Documents.pas">
            <Form>frmDocuments</Form>
            <FormType>fmx</FormType>
        </DCCReference>
        <DCCReference Include="..\..\Source\Sample.Form.Filter.pas">
            <Form>frmFilter</Form>
            <FormType>fmx</FormType>
        </DCCReference>
        <DCCReference Include="..\..\Source\Sample.Form.Image.pas">
            <Form>frmImage</Form>
            <FormType>fmx</FormType>
        </DCCReference>
        <DCCReference Include="..\..\Source\Sample.Form.Main.pas">
            <Form>frmMain</Form>
            <FormType>fmx</FormType>
        </DCCReference>
        <DCCReference Include="..\..\Source\Sample.Form.Particles.pas">
            <Form>frmParticles</Form>
            <FormType>fmx</FormType>
        </DCCReference>
        <DCCReference Include="..\..\Source\Sample.Form.PathsAndEffects.pas">
            <Form>frmPathsAndEffects</Form>
            <FormType>fmx</FormType>
        </DCCReference>
        <DCCReference Include="..\..\Source\Sample.Form.RuntimeEffects.pas">
            <Form>frmRuntimeEffects</Form>
            <FormType>fmx</FormType>
        </DCCReference>
        <DCCReference Include="..\..\Source\Sample.Form.Text.pas">
            <Form>frmText</Form>
            <FormType>fmx</FormType>
        </DCCReference>
        <DCCReference Include="..\..\Source\Sample.Form.Transforms.pas">
            <Form>frmTransforms</Form>
            <FormType>fmx</FormType>
        </DCCReference>
        <DCCReference Include="..\..\Source\Sample.Form.Unicode.pas">
            <Form>frmUnicode</Form>
            <FormType>fmx</FormType>
        </DCCReference>
        <BuildConfiguration Include="Base">
            <Key>Base</Key>
        </BuildConfiguration>
        <BuildConfiguration Include="Debug">
            <Key>Cfg_1</Key>
            <CfgParent>Base</CfgParent>
        </BuildConfiguration>
        <BuildConfiguration Include="Release">
            <Key>Cfg_2</Key>
            <CfgParent>Base</CfgParent>
        </BuildConfiguration>
    </ItemGroup>
    <ProjectExtensions>
        <Borland.Personality>Delphi.Personality.12</Borland.Personality>
        <Borland.ProjectType>Application</Borland.ProjectType>
        <BorlandProject>
            <Delphi.Personality>
                <Source>
                    <Source Name="MainSource">Skia4Delphi.dpr</Source>
                </Source>
                <Excluded_Packages/>
            </Delphi.Personality>
            <Deployment>
                <DeployFile Required="true" LocalName="$(SKIADIR)\Binary\Win32\Release\sk4d.dll" Configuration="Debug" Class="Skia">
                    <Platform Name="Win32">
                        <RemoteDir>.\</RemoteDir>
                        <Operation>0</Operation>
                        <RemoteName>sk4d.dll</RemoteName>
                        <Overwrite>true</Overwrite>
                    </Platform>
                </DeployFile>
                <DeployFile Required="true" LocalName="$(SKIADIR)\Binary\Win32\Release\sk4d.dll" Configuration="Release" Class="Skia">
                    <Platform Name="Win32">
                        <RemoteDir>.\</RemoteDir>
                        <Operation>0</Operation>
                        <RemoteName>sk4d.dll</RemoteName>
                        <Overwrite>true</Overwrite>
                    </Platform>
                </DeployFile>
                <DeployFile LocalName="..\..\Binary\Win32\Release\Skia4Delphi.exe" Configuration="Release" Class="ProjectOutput">
                    <Platform Name="Win32">
                        <RemoteName>Skia4Delphi.exe</RemoteName>
                        <Overwrite>true</Overwrite>
                    </Platform>
                </DeployFile>
                <DeployFile LocalName="Win32\Debug\Skia4Delphi.exe" Configuration="Debug" Class="ProjectOutput">
                    <Platform Name="Win32">
                        <RemoteName>Skia4Delphi.exe</RemoteName>
                        <Overwrite>true</Overwrite>
                    </Platform>
                </DeployFile>
                <DeployFile LocalName="Win32\Release\Skia4Delphi.exe" Configuration="Release" Class="ProjectOutput">
                    <Platform Name="Win32">
                        <RemoteName>Skia4Delphi.exe</RemoteName>
                        <Overwrite>true</Overwrite>
                    </Platform>
                </DeployFile>
                <DeployClass Name="AdditionalDebugSymbols">
                    <Platform Name="Win32">
                        <RemoteDir>Contents\MacOS</RemoteDir>
                        <Operation>0</Operation>
                    </Platform>
                </DeployClass>
                <DeployClass Name="DebugSymbols">
                    <Platform Name="Win32">
                        <Operation>0</Operation>
                    </Platform>
                </DeployClass>
                <DeployClass Name="DependencyFramework">
                    <Platform Name="Win32">
                        <Operation>0</Operation>
                    </Platform>
                </DeployClass>
                <DeployClass Name="DependencyModule">
                    <Platform Name="Win32">
                        <Operation>0</Operation>
                        <Extensions>.dll;.bpl</Extensions>
                    </Platform>
                </DeployClass>
                <DeployClass Required="true" Name="DependencyPackage">
                    <Platform Name="Win32">
                        <Operation>0</Operation>
                        <Extensions>.bpl</Extensions>
                    </Platform>
                </DeployClass>
                <DeployClass Name="File">
                    <Platform Name="Win32">
                        <Operation>0</Operation>
                    </Platform>
                </DeployClass>
                <DeployClass Required="true" Name="ProjectOutput">
                    <Platform Name="Win32">
                        <Operation>0</Operation>
                    </Platform>
                </DeployClass>
                <ProjectRoot Platform="Win32" Name="$(PROJECTNAME)"/>
                <ProjectRoot Platform="Win64" Name="$(PROJECTNAME)"/>
            </Deployment>
            <Platforms>
                <Platform value="Android">False</Platform>
                <Platform value="OSX32">False</Platform>
                <Platform value="Win32">True</Platform>
                <Platform value="Win64">True</Platform>
                <Platform value="iOSDevice">False</Platform>
                <Platform value="iOSSimulator" ActiveMobileDevice="iPhone">False</Platform>
            </Platforms>
        </BorlandProject>
        <ProjectFileVersion>12</ProjectFileVersion>
    </ProjectExtensions>
    <Import Project="$(BDS)\Bin\CodeGear.Delphi.Targets" Condition="Exists('$(BDS)\Bin\CodeGear.Delphi.Targets')"/>
    <Import Project="$(APPDATA)\Embarcadero\$(BDSAPPDATABASEDIR)\$(PRODUCTVERSION)\UserTools.proj" Condition="Exists('$(APPDATA)\Embarcadero\$(BDSAPPDATABASEDIR)\$(PRODUCTVERSION)\UserTools.proj')"/>
    <Import Project="$(MSBuildProjectName).deployproj" Condition="Exists('$(MSBuildProjectName).deployproj')"/>
</Project>
